// !$*UTF8*$!
{
	archiveVersion = 1;
	classes = {
	};
	objectVersion = 46;
	objects = {

/* Begin PBXBuildFile section */
		DE0B598B1B906EC800EF8FD3 /* UIGestureRecogniser.swift in Sources */ = {isa = PBXBuildFile; fileRef = DE0B598A1B906EC800EF8FD3 /* UIGestureRecogniser.swift */; };
		DE1AC5A91B74B34D00CB6F53 /* AVCaptureDevice+Authorisation.swift in Sources */ = {isa = PBXBuildFile; fileRef = DE1AC5A71B74B34D00CB6F53 /* AVCaptureDevice+Authorisation.swift */; };
		DE1AC5AD1B74B34D00CB6F53 /* AVCaptureDevice+Hardware.swift in Sources */ = {isa = PBXBuildFile; fileRef = DE1AC5A81B74B34D00CB6F53 /* AVCaptureDevice+Hardware.swift */; };
		DE1AC5B21B74C3D600CB6F53 /* Contacts.swift in Sources */ = {isa = PBXBuildFile; fileRef = DE1AC5B11B74C3D600CB6F53 /* Contacts.swift */; };
		DE1E73EE1BF559B600A2D280 /* CommonCrypto.framework in Frameworks */ = {isa = PBXBuildFile; fileRef = DE1E73D31BF5597400A2D280 /* CommonCrypto.framework */; };
		DE292C131B8FBDC800ACCA02 /* Foundation.swift in Sources */ = {isa = PBXBuildFile; fileRef = DE292C121B8FBDC800ACCA02 /* Foundation.swift */; };
		DE292C181B8FC3C900ACCA02 /* UIScrollView.swift in Sources */ = {isa = PBXBuildFile; fileRef = DE292C171B8FC3C900ACCA02 /* UIScrollView.swift */; };
		DE2F1C7A1AF505E70034B4F1 /* Geometry.swift in Sources */ = {isa = PBXBuildFile; fileRef = DE2F1C791AF505E70034B4F1 /* Geometry.swift */; };
		DE2F1C7F1AF508640034B4F1 /* Alert.swift in Sources */ = {isa = PBXBuildFile; fileRef = DE2F1C7E1AF508640034B4F1 /* Alert.swift */; };
		DE2F1C831AF509DA0034B4F1 /* Application.swift in Sources */ = {isa = PBXBuildFile; fileRef = DE2F1C821AF509DA0034B4F1 /* Application.swift */; };
		DE4184261AF5003600C24ED3 /* Image.swift in Sources */ = {isa = PBXBuildFile; fileRef = DE4184251AF5003600C24ED3 /* Image.swift */; };
		DE7F07441AF5406A00B72E7C /* Localizable.strings in Resources */ = {isa = PBXBuildFile; fileRef = DE7F07471AF5406A00B72E7C /* Localizable.strings */; };
		DE7F07451AF5406A00B72E7C /* Localizable.strings in Resources */ = {isa = PBXBuildFile; fileRef = DE7F07471AF5406A00B72E7C /* Localizable.strings */; };
		DE7F07491AF5411900B72E7C /* Security.swift in Sources */ = {isa = PBXBuildFile; fileRef = DE7F07481AF5411900B72E7C /* Security.swift */; };
		DE877BF71AFE352D00FAA33E /* ToolbeltTestsCommon.swift in Sources */ = {isa = PBXBuildFile; fileRef = DE877BF51AFE34FE00FAA33E /* ToolbeltTestsCommon.swift */; };
		DE877BF81AFE352F00FAA33E /* ToolbeltTestsCommon.swift in Sources */ = {isa = PBXBuildFile; fileRef = DE877BF51AFE34FE00FAA33E /* ToolbeltTestsCommon.swift */; };
		DE877BF91AFE388200FAA33E /* Toolbelt.h in Headers */ = {isa = PBXBuildFile; fileRef = DE3540A91AEE9C5700AC95FE /* Toolbelt.h */; settings = {ATTRIBUTES = (Public, ); }; };
		DE877BFB1AFE38D500FAA33E /* Toolbelt.h in Headers */ = {isa = PBXBuildFile; fileRef = DE3540A91AEE9C5700AC95FE /* Toolbelt.h */; settings = {ATTRIBUTES = (Public, ); }; };
		DEA28F341AEEB16E004DCD64 /* Toolbelt.framework in Frameworks */ = {isa = PBXBuildFile; fileRef = DEA28F291AEEB16E004DCD64 /* Toolbelt.framework */; };
		DEA28F3B1AEEB16E004DCD64 /* Toolbelt-iOSTests.swift in Sources */ = {isa = PBXBuildFile; fileRef = DEA28F3A1AEEB16E004DCD64 /* Toolbelt-iOSTests.swift */; };
		DEA28F521AEEB183004DCD64 /* Toolbelt.framework in Frameworks */ = {isa = PBXBuildFile; fileRef = DEA28F471AEEB183004DCD64 /* Toolbelt.framework */; };
		DEA28F591AEEB183004DCD64 /* Toolbelt-MacTests.swift in Sources */ = {isa = PBXBuildFile; fileRef = DEA28F581AEEB183004DCD64 /* Toolbelt-MacTests.swift */; };
		DEA28F651AEEB195004DCD64 /* AVURLAsset.swift in Sources */ = {isa = PBXBuildFile; fileRef = DE3540C01AEE9CD800AC95FE /* AVURLAsset.swift */; };
		DEA28F691AEEB19A004DCD64 /* Colour.swift in Sources */ = {isa = PBXBuildFile; fileRef = DE3540C41AEE9DA300AC95FE /* Colour.swift */; };
		DEB8A8281AF535B4004AE3D6 /* Validation.swift in Sources */ = {isa = PBXBuildFile; fileRef = DEB8A8271AF535B4004AE3D6 /* Validation.swift */; };
		DEC1BDC51B99B91A00C13455 /* DateTests.swift in Sources */ = {isa = PBXBuildFile; fileRef = DEC1BDC41B99B91A00C13455 /* DateTests.swift */; };
		DEC1BDC81B99BC0C00C13455 /* Foundation.swift in Sources */ = {isa = PBXBuildFile; fileRef = DE292C121B8FBDC800ACCA02 /* Foundation.swift */; };
		DEC1BDCB1B99BC0C00C13455 /* Security.swift in Sources */ = {isa = PBXBuildFile; fileRef = DE7F07481AF5411900B72E7C /* Security.swift */; };
		DEC1BDCC1B99BC0C00C13455 /* Colour.swift in Sources */ = {isa = PBXBuildFile; fileRef = DE3540C41AEE9DA300AC95FE /* Colour.swift */; };
		DEC1BDCD1B99BC0C00C13455 /* Image.swift in Sources */ = {isa = PBXBuildFile; fileRef = DE4184251AF5003600C24ED3 /* Image.swift */; };
		DEC1BDCE1B99BC0C00C13455 /* Geometry.swift in Sources */ = {isa = PBXBuildFile; fileRef = DE2F1C791AF505E70034B4F1 /* Geometry.swift */; };
		DEC1BDD01B99BC0C00C13455 /* Application.swift in Sources */ = {isa = PBXBuildFile; fileRef = DE2F1C821AF509DA0034B4F1 /* Application.swift */; };
		DEC1BDD21B99BC0C00C13455 /* Filepath.swift in Sources */ = {isa = PBXBuildFile; fileRef = DEFB50C81AF513E800DCAD5B /* Filepath.swift */; };
		DEC1BDD31B99BC0C00C13455 /* Validation.swift in Sources */ = {isa = PBXBuildFile; fileRef = DEB8A8271AF535B4004AE3D6 /* Validation.swift */; };
		DEC1BDD41B99BC0C00C13455 /* Contacts.swift in Sources */ = {isa = PBXBuildFile; fileRef = DE1AC5B11B74C3D600CB6F53 /* Contacts.swift */; };
		DEC1BDD61B99BC0C00C13455 /* AVCaptureDevice+Hardware.swift in Sources */ = {isa = PBXBuildFile; fileRef = DE1AC5A81B74B34D00CB6F53 /* AVCaptureDevice+Hardware.swift */; };
		DEC1BDD71B99BC0C00C13455 /* AVURLAsset.swift in Sources */ = {isa = PBXBuildFile; fileRef = DE3540C01AEE9CD800AC95FE /* AVURLAsset.swift */; };
		DEC1BDD81B99BC0C00C13455 /* AVPlayerItem.swift in Sources */ = {isa = PBXBuildFile; fileRef = DEFB50C61AF513A600DCAD5B /* AVPlayerItem.swift */; };
		DEC1BDD91B99C9D800C13455 /* DateTests.swift in Sources */ = {isa = PBXBuildFile; fileRef = DEC1BDC41B99B91A00C13455 /* DateTests.swift */; };
		DED5D60C1B987C7900C6304F /* UITableView.swift in Sources */ = {isa = PBXBuildFile; fileRef = DED5D60B1B987C7900C6304F /* UITableView.swift */; };
		DEFB50C41AF512D100DCAD5B /* ViewController.swift in Sources */ = {isa = PBXBuildFile; fileRef = DEFB50C31AF512D100DCAD5B /* ViewController.swift */; };
		DEFB50C71AF513A600DCAD5B /* AVPlayerItem.swift in Sources */ = {isa = PBXBuildFile; fileRef = DEFB50C61AF513A600DCAD5B /* AVPlayerItem.swift */; };
		DEFB50C91AF513E800DCAD5B /* Filepath.swift in Sources */ = {isa = PBXBuildFile; fileRef = DEFB50C81AF513E800DCAD5B /* Filepath.swift */; };
/* End PBXBuildFile section */

/* Begin PBXContainerItemProxy section */
		DE1E73F51BF55AC600A2D280 /* PBXContainerItemProxy */ = {
			isa = PBXContainerItemProxy;
			containerPortal = DE35409B1AEE9C5700AC95FE /* Project object */;
			proxyType = 1;
			remoteGlobalIDString = DE1E73D21BF5597400A2D280;
			remoteInfo = "CommonCrypto-iOS";
		};
		DEA28F351AEEB16E004DCD64 /* PBXContainerItemProxy */ = {
			isa = PBXContainerItemProxy;
			containerPortal = DE35409B1AEE9C5700AC95FE /* Project object */;
			proxyType = 1;
			remoteGlobalIDString = DEA28F281AEEB16E004DCD64;
			remoteInfo = "Toolbelt-iOS";
		};
		DEA28F531AEEB183004DCD64 /* PBXContainerItemProxy */ = {
			isa = PBXContainerItemProxy;
			containerPortal = DE35409B1AEE9C5700AC95FE /* Project object */;
			proxyType = 1;
			remoteGlobalIDString = DEA28F461AEEB183004DCD64;
			remoteInfo = "Toolbelt-Mac";
		};
/* End PBXContainerItemProxy section */

/* Begin PBXFileReference section */
		DE0B598A1B906EC800EF8FD3 /* UIGestureRecogniser.swift */ = {isa = PBXFileReference; fileEncoding = 4; lastKnownFileType = sourcecode.swift; path = UIGestureRecogniser.swift; sourceTree = "<group>"; };
		DE1AC5A71B74B34D00CB6F53 /* AVCaptureDevice+Authorisation.swift */ = {isa = PBXFileReference; fileEncoding = 4; lastKnownFileType = sourcecode.swift; path = "AVCaptureDevice+Authorisation.swift"; sourceTree = "<group>"; };
		DE1AC5A81B74B34D00CB6F53 /* AVCaptureDevice+Hardware.swift */ = {isa = PBXFileReference; fileEncoding = 4; lastKnownFileType = sourcecode.swift; path = "AVCaptureDevice+Hardware.swift"; sourceTree = "<group>"; };
		DE1AC5B11B74C3D600CB6F53 /* Contacts.swift */ = {isa = PBXFileReference; fileEncoding = 4; lastKnownFileType = sourcecode.swift; path = Contacts.swift; sourceTree = "<group>"; };
		DE1E73D31BF5597400A2D280 /* CommonCrypto.framework */ = {isa = PBXFileReference; explicitFileType = wrapper.framework; includeInIndex = 0; path = CommonCrypto.framework; sourceTree = BUILT_PRODUCTS_DIR; };
		DE1E73F11BF55A5D00A2D280 /* Info.plist */ = {isa = PBXFileReference; lastKnownFileType = text.plist.xml; name = Info.plist; path = CommonCrypto/Info.plist; sourceTree = "<group>"; };
		DE1E73F21BF55AA600A2D280 /* iphoneos.modulemap */ = {isa = PBXFileReference; lastKnownFileType = "sourcecode.module-map"; name = iphoneos.modulemap; path = CommonCrypto/iphoneos.modulemap; sourceTree = "<group>"; };
		DE1E73F31BF55AA600A2D280 /* iphonesimulator.modulemap */ = {isa = PBXFileReference; lastKnownFileType = "sourcecode.module-map"; name = iphonesimulator.modulemap; path = CommonCrypto/iphonesimulator.modulemap; sourceTree = "<group>"; };
		DE1E73F41BF55AA600A2D280 /* macosx.modulemap */ = {isa = PBXFileReference; lastKnownFileType = "sourcecode.module-map"; name = macosx.modulemap; path = CommonCrypto/macosx.modulemap; sourceTree = "<group>"; };
		DE1E73FE1BF55B0900A2D280 /* CommonCrypto.framework */ = {isa = PBXFileReference; explicitFileType = wrapper.framework; includeInIndex = 0; path = CommonCrypto.framework; sourceTree = BUILT_PRODUCTS_DIR; };
		DE28EC9A1BF50588008F4DF1 /* CommonCrypto.xcconfig */ = {isa = PBXFileReference; lastKnownFileType = text.xcconfig; name = CommonCrypto.xcconfig; path = CommonCrypto/CommonCrypto.xcconfig; sourceTree = "<group>"; };
		DE28ECA81BF507C4008F4DF1 /* Cartfile.private */ = {isa = PBXFileReference; lastKnownFileType = text; name = Cartfile.private; path = ../Cartfile.private; sourceTree = "<group>"; };
		DE28ECA91BF507C4008F4DF1 /* Cartfile.resolved */ = {isa = PBXFileReference; lastKnownFileType = text; name = Cartfile.resolved; path = ../Cartfile.resolved; sourceTree = "<group>"; };
		DE292C121B8FBDC800ACCA02 /* Foundation.swift */ = {isa = PBXFileReference; fileEncoding = 4; lastKnownFileType = sourcecode.swift; path = Foundation.swift; sourceTree = "<group>"; };
		DE292C171B8FC3C900ACCA02 /* UIScrollView.swift */ = {isa = PBXFileReference; fileEncoding = 4; lastKnownFileType = sourcecode.swift; path = UIScrollView.swift; sourceTree = "<group>"; };
		DE2F1C791AF505E70034B4F1 /* Geometry.swift */ = {isa = PBXFileReference; fileEncoding = 4; lastKnownFileType = sourcecode.swift; path = Geometry.swift; sourceTree = "<group>"; };
		DE2F1C7E1AF508640034B4F1 /* Alert.swift */ = {isa = PBXFileReference; fileEncoding = 4; lastKnownFileType = sourcecode.swift; path = Alert.swift; sourceTree = "<group>"; };
		DE2F1C821AF509DA0034B4F1 /* Application.swift */ = {isa = PBXFileReference; fileEncoding = 4; lastKnownFileType = sourcecode.swift; path = Application.swift; sourceTree = "<group>"; };
		DE3540A81AEE9C5700AC95FE /* Info.plist */ = {isa = PBXFileReference; lastKnownFileType = text.plist.xml; path = Info.plist; sourceTree = "<group>"; };
		DE3540A91AEE9C5700AC95FE /* Toolbelt.h */ = {isa = PBXFileReference; lastKnownFileType = sourcecode.c.h; path = Toolbelt.h; sourceTree = "<group>"; };
		DE3540C01AEE9CD800AC95FE /* AVURLAsset.swift */ = {isa = PBXFileReference; fileEncoding = 4; lastKnownFileType = sourcecode.swift; path = AVURLAsset.swift; sourceTree = "<group>"; };
		DE3540C41AEE9DA300AC95FE /* Colour.swift */ = {isa = PBXFileReference; fileEncoding = 4; lastKnownFileType = sourcecode.swift; path = Colour.swift; sourceTree = "<group>"; };
		DE3540CA1AEE9EA100AC95FE /* LICENSE */ = {isa = PBXFileReference; lastKnownFileType = text; name = LICENSE; path = ../LICENSE; sourceTree = "<group>"; };
		DE3540CB1AEE9EA100AC95FE /* README.md */ = {isa = PBXFileReference; lastKnownFileType = net.daringfireball.markdown; name = README.md; path = ../README.md; sourceTree = "<group>"; };
		DE4184251AF5003600C24ED3 /* Image.swift */ = {isa = PBXFileReference; fileEncoding = 4; lastKnownFileType = sourcecode.swift; path = Image.swift; sourceTree = "<group>"; };
		DE7F07461AF5406A00B72E7C /* en */ = {isa = PBXFileReference; lastKnownFileType = text.plist.strings; name = en; path = en.lproj/Localizable.strings; sourceTree = "<group>"; };
		DE7F07481AF5411900B72E7C /* Security.swift */ = {isa = PBXFileReference; fileEncoding = 4; lastKnownFileType = sourcecode.swift; path = Security.swift; sourceTree = "<group>"; };
		DE877BF51AFE34FE00FAA33E /* ToolbeltTestsCommon.swift */ = {isa = PBXFileReference; fileEncoding = 4; lastKnownFileType = sourcecode.swift; path = ToolbeltTestsCommon.swift; sourceTree = "<group>"; };
		DE877C001AFE3D4500FAA33E /* Common.xcconfig */ = {isa = PBXFileReference; lastKnownFileType = text.xcconfig; path = Common.xcconfig; sourceTree = "<group>"; };
		DE877C021AFE3D4500FAA33E /* Debug.xcconfig */ = {isa = PBXFileReference; lastKnownFileType = text.xcconfig; path = Debug.xcconfig; sourceTree = "<group>"; };
		DE877C031AFE3D4500FAA33E /* Profile.xcconfig */ = {isa = PBXFileReference; lastKnownFileType = text.xcconfig; path = Profile.xcconfig; sourceTree = "<group>"; };
		DE877C041AFE3D4500FAA33E /* Release.xcconfig */ = {isa = PBXFileReference; lastKnownFileType = text.xcconfig; path = Release.xcconfig; sourceTree = "<group>"; };
		DE877C051AFE3D4500FAA33E /* Test.xcconfig */ = {isa = PBXFileReference; lastKnownFileType = text.xcconfig; path = Test.xcconfig; sourceTree = "<group>"; };
		DE877C071AFE3D4500FAA33E /* Application.xcconfig */ = {isa = PBXFileReference; lastKnownFileType = text.xcconfig; path = Application.xcconfig; sourceTree = "<group>"; };
		DE877C081AFE3D4500FAA33E /* Framework.xcconfig */ = {isa = PBXFileReference; lastKnownFileType = text.xcconfig; path = Framework.xcconfig; sourceTree = "<group>"; };
		DE877C091AFE3D4500FAA33E /* StaticLibrary.xcconfig */ = {isa = PBXFileReference; lastKnownFileType = text.xcconfig; path = StaticLibrary.xcconfig; sourceTree = "<group>"; };
		DE877C111AFE3D4500FAA33E /* iOS-Application.xcconfig */ = {isa = PBXFileReference; lastKnownFileType = text.xcconfig; path = "iOS-Application.xcconfig"; sourceTree = "<group>"; };
		DE877C121AFE3D4500FAA33E /* iOS-Base.xcconfig */ = {isa = PBXFileReference; lastKnownFileType = text.xcconfig; path = "iOS-Base.xcconfig"; sourceTree = "<group>"; };
		DE877C131AFE3D4500FAA33E /* iOS-Framework.xcconfig */ = {isa = PBXFileReference; lastKnownFileType = text.xcconfig; path = "iOS-Framework.xcconfig"; sourceTree = "<group>"; };
		DE877C141AFE3D4500FAA33E /* iOS-StaticLibrary.xcconfig */ = {isa = PBXFileReference; lastKnownFileType = text.xcconfig; path = "iOS-StaticLibrary.xcconfig"; sourceTree = "<group>"; };
		DE877C161AFE3D4500FAA33E /* Mac-Application.xcconfig */ = {isa = PBXFileReference; lastKnownFileType = text.xcconfig; path = "Mac-Application.xcconfig"; sourceTree = "<group>"; };
		DE877C171AFE3D4500FAA33E /* Mac-Base.xcconfig */ = {isa = PBXFileReference; lastKnownFileType = text.xcconfig; path = "Mac-Base.xcconfig"; sourceTree = "<group>"; };
		DE877C181AFE3D4500FAA33E /* Mac-DynamicLibrary.xcconfig */ = {isa = PBXFileReference; lastKnownFileType = text.xcconfig; path = "Mac-DynamicLibrary.xcconfig"; sourceTree = "<group>"; };
		DE877C191AFE3D4500FAA33E /* Mac-Framework.xcconfig */ = {isa = PBXFileReference; lastKnownFileType = text.xcconfig; path = "Mac-Framework.xcconfig"; sourceTree = "<group>"; };
		DE877C1A1AFE3D4500FAA33E /* Mac-StaticLibrary.xcconfig */ = {isa = PBXFileReference; lastKnownFileType = text.xcconfig; path = "Mac-StaticLibrary.xcconfig"; sourceTree = "<group>"; };
		DEA28F291AEEB16E004DCD64 /* Toolbelt.framework */ = {isa = PBXFileReference; explicitFileType = wrapper.framework; includeInIndex = 0; path = Toolbelt.framework; sourceTree = BUILT_PRODUCTS_DIR; };
		DEA28F2C1AEEB16E004DCD64 /* Info.plist */ = {isa = PBXFileReference; lastKnownFileType = text.plist.xml; path = Info.plist; sourceTree = "<group>"; };
		DEA28F331AEEB16E004DCD64 /* Toolbelt-iOSTests.xctest */ = {isa = PBXFileReference; explicitFileType = wrapper.cfbundle; includeInIndex = 0; path = "Toolbelt-iOSTests.xctest"; sourceTree = BUILT_PRODUCTS_DIR; };
		DEA28F391AEEB16E004DCD64 /* Info.plist */ = {isa = PBXFileReference; lastKnownFileType = text.plist.xml; path = Info.plist; sourceTree = "<group>"; };
		DEA28F3A1AEEB16E004DCD64 /* Toolbelt-iOSTests.swift */ = {isa = PBXFileReference; lastKnownFileType = sourcecode.swift; path = "Toolbelt-iOSTests.swift"; sourceTree = "<group>"; };
		DEA28F471AEEB183004DCD64 /* Toolbelt.framework */ = {isa = PBXFileReference; explicitFileType = wrapper.framework; includeInIndex = 0; path = Toolbelt.framework; sourceTree = BUILT_PRODUCTS_DIR; };
		DEA28F4A1AEEB183004DCD64 /* Info.plist */ = {isa = PBXFileReference; lastKnownFileType = text.plist.xml; path = Info.plist; sourceTree = "<group>"; };
		DEA28F511AEEB183004DCD64 /* Toolbelt-MacTests.xctest */ = {isa = PBXFileReference; explicitFileType = wrapper.cfbundle; includeInIndex = 0; path = "Toolbelt-MacTests.xctest"; sourceTree = BUILT_PRODUCTS_DIR; };
		DEA28F571AEEB183004DCD64 /* Info.plist */ = {isa = PBXFileReference; lastKnownFileType = text.plist.xml; path = Info.plist; sourceTree = "<group>"; };
		DEA28F581AEEB183004DCD64 /* Toolbelt-MacTests.swift */ = {isa = PBXFileReference; lastKnownFileType = sourcecode.swift; path = "Toolbelt-MacTests.swift"; sourceTree = "<group>"; };
		DEB8A8271AF535B4004AE3D6 /* Validation.swift */ = {isa = PBXFileReference; fileEncoding = 4; lastKnownFileType = sourcecode.swift; path = Validation.swift; sourceTree = "<group>"; };
		DEC1BDC41B99B91A00C13455 /* DateTests.swift */ = {isa = PBXFileReference; fileEncoding = 4; lastKnownFileType = sourcecode.swift; path = DateTests.swift; sourceTree = "<group>"; };
		DED5D60B1B987C7900C6304F /* UITableView.swift */ = {isa = PBXFileReference; fileEncoding = 4; lastKnownFileType = sourcecode.swift; path = UITableView.swift; sourceTree = "<group>"; };
		DEFB50C31AF512D100DCAD5B /* ViewController.swift */ = {isa = PBXFileReference; fileEncoding = 4; lastKnownFileType = sourcecode.swift; path = ViewController.swift; sourceTree = "<group>"; };
		DEFB50C61AF513A600DCAD5B /* AVPlayerItem.swift */ = {isa = PBXFileReference; fileEncoding = 4; lastKnownFileType = sourcecode.swift; path = AVPlayerItem.swift; sourceTree = "<group>"; };
		DEFB50C81AF513E800DCAD5B /* Filepath.swift */ = {isa = PBXFileReference; fileEncoding = 4; lastKnownFileType = sourcecode.swift; path = Filepath.swift; sourceTree = "<group>"; };
/* End PBXFileReference section */

/* Begin PBXFrameworksBuildPhase section */
		DE1E73CF1BF5597400A2D280 /* Frameworks */ = {
			isa = PBXFrameworksBuildPhase;
			buildActionMask = 2147483647;
			files = (
			);
			runOnlyForDeploymentPostprocessing = 0;
		};
		DE1E73FA1BF55B0900A2D280 /* Frameworks */ = {
			isa = PBXFrameworksBuildPhase;
			buildActionMask = 2147483647;
			files = (
			);
			runOnlyForDeploymentPostprocessing = 0;
		};
		DEA28F251AEEB16E004DCD64 /* Frameworks */ = {
			isa = PBXFrameworksBuildPhase;
			buildActionMask = 2147483647;
			files = (
				DE1E73EE1BF559B600A2D280 /* CommonCrypto.framework in Frameworks */,
			);
			runOnlyForDeploymentPostprocessing = 0;
		};
		DEA28F301AEEB16E004DCD64 /* Frameworks */ = {
			isa = PBXFrameworksBuildPhase;
			buildActionMask = 2147483647;
			files = (
				DEA28F341AEEB16E004DCD64 /* Toolbelt.framework in Frameworks */,
			);
			runOnlyForDeploymentPostprocessing = 0;
		};
		DEA28F431AEEB183004DCD64 /* Frameworks */ = {
			isa = PBXFrameworksBuildPhase;
			buildActionMask = 2147483647;
			files = (
			);
			runOnlyForDeploymentPostprocessing = 0;
		};
		DEA28F4E1AEEB183004DCD64 /* Frameworks */ = {
			isa = PBXFrameworksBuildPhase;
			buildActionMask = 2147483647;
			files = (
				DEA28F521AEEB183004DCD64 /* Toolbelt.framework in Frameworks */,
			);
			runOnlyForDeploymentPostprocessing = 0;
		};
/* End PBXFrameworksBuildPhase section */

/* Begin PBXGroup section */
		DE1E73F01BF55A4A00A2D280 /* CommonCrypto */ = {
			isa = PBXGroup;
			children = (
				DE1E73F21BF55AA600A2D280 /* iphoneos.modulemap */,
				DE1E73F31BF55AA600A2D280 /* iphonesimulator.modulemap */,
				DE1E73F41BF55AA600A2D280 /* macosx.modulemap */,
				DE1E73F11BF55A5D00A2D280 /* Info.plist */,
			);
			name = CommonCrypto;
			sourceTree = "<group>";
		};
		DE35409A1AEE9C5700AC95FE = {
			isa = PBXGroup;
			children = (
				DE28ECA81BF507C4008F4DF1 /* Cartfile.private */,
				DE28ECA91BF507C4008F4DF1 /* Cartfile.resolved */,
				DE3540CA1AEE9EA100AC95FE /* LICENSE */,
				DE3540CB1AEE9EA100AC95FE /* README.md */,
				DE877BFE1AFE3D3100FAA33E /* Configurations */,
				DE1E73F01BF55A4A00A2D280 /* CommonCrypto */,
				DE3540A61AEE9C5700AC95FE /* Toolbelt */,
				DE877BF41AFE34E500FAA33E /* ToolbeltTests */,
				DEA28F2A1AEEB16E004DCD64 /* Toolbelt_iOS */,
				DEA28F371AEEB16E004DCD64 /* Toolbelt_iOSTests */,
				DEA28F481AEEB183004DCD64 /* Toolbelt-Mac */,
				DEA28F551AEEB183004DCD64 /* Toolbelt-MacTests */,
				DE3540A51AEE9C5700AC95FE /* Products */,
			);
			sourceTree = "<group>";
		};
		DE3540A51AEE9C5700AC95FE /* Products */ = {
			isa = PBXGroup;
			children = (
				DEA28F291AEEB16E004DCD64 /* Toolbelt.framework */,
				DEA28F331AEEB16E004DCD64 /* Toolbelt-iOSTests.xctest */,
				DEA28F471AEEB183004DCD64 /* Toolbelt.framework */,
				DEA28F511AEEB183004DCD64 /* Toolbelt-MacTests.xctest */,
				DE1E73D31BF5597400A2D280 /* CommonCrypto.framework */,
				DE1E73FE1BF55B0900A2D280 /* CommonCrypto.framework */,
			);
			name = Products;
			sourceTree = "<group>";
		};
		DE3540A61AEE9C5700AC95FE /* Toolbelt */ = {
			isa = PBXGroup;
			children = (
				DE3540A91AEE9C5700AC95FE /* Toolbelt.h */,
				DE0B598A1B906EC800EF8FD3 /* UIGestureRecogniser.swift */,
				DE292C121B8FBDC800ACCA02 /* Foundation.swift */,
				DE292C171B8FC3C900ACCA02 /* UIScrollView.swift */,
				DED5D60B1B987C7900C6304F /* UITableView.swift */,
				DE7F07481AF5411900B72E7C /* Security.swift */,
				DE3540C41AEE9DA300AC95FE /* Colour.swift */,
				DE4184251AF5003600C24ED3 /* Image.swift */,
				DE2F1C791AF505E70034B4F1 /* Geometry.swift */,
				DE2F1C7E1AF508640034B4F1 /* Alert.swift */,
				DE2F1C821AF509DA0034B4F1 /* Application.swift */,
				DEFB50C31AF512D100DCAD5B /* ViewController.swift */,
				DEFB50C81AF513E800DCAD5B /* Filepath.swift */,
				DEB8A8271AF535B4004AE3D6 /* Validation.swift */,
				DE1AC5B11B74C3D600CB6F53 /* Contacts.swift */,
				DE3540C31AEE9CDE00AC95FE /* AVFoundation */,
				DE3540A71AEE9C5700AC95FE /* Supporting Files */,
				DE7F07471AF5406A00B72E7C /* Localizable.strings */,
			);
			path = Toolbelt;
			sourceTree = "<group>";
		};
		DE3540A71AEE9C5700AC95FE /* Supporting Files */ = {
			isa = PBXGroup;
			children = (
				DE3540A81AEE9C5700AC95FE /* Info.plist */,
			);
			name = "Supporting Files";
			sourceTree = "<group>";
		};
		DE3540C31AEE9CDE00AC95FE /* AVFoundation */ = {
			isa = PBXGroup;
			children = (
				DE1AC5A71B74B34D00CB6F53 /* AVCaptureDevice+Authorisation.swift */,
				DE1AC5A81B74B34D00CB6F53 /* AVCaptureDevice+Hardware.swift */,
				DE3540C01AEE9CD800AC95FE /* AVURLAsset.swift */,
				DEFB50C61AF513A600DCAD5B /* AVPlayerItem.swift */,
			);
			name = AVFoundation;
			sourceTree = "<group>";
		};
		DE877BF41AFE34E500FAA33E /* ToolbeltTests */ = {
			isa = PBXGroup;
			children = (
				DE877BF51AFE34FE00FAA33E /* ToolbeltTestsCommon.swift */,
				DEC1BDC41B99B91A00C13455 /* DateTests.swift */,
			);
			path = ToolbeltTests;
			sourceTree = "<group>";
		};
		DE877BFE1AFE3D3100FAA33E /* Configurations */ = {
			isa = PBXGroup;
			children = (
				DE877BFF1AFE3D4500FAA33E /* Base */,
				DE877C101AFE3D4500FAA33E /* iOS */,
				DE877C151AFE3D4500FAA33E /* Mac OS X */,
				DE28EC9A1BF50588008F4DF1 /* CommonCrypto.xcconfig */,
			);
			name = Configurations;
			sourceTree = "<group>";
		};
		DE877BFF1AFE3D4500FAA33E /* Base */ = {
			isa = PBXGroup;
			children = (
				DE877C001AFE3D4500FAA33E /* Common.xcconfig */,
				DE877C011AFE3D4500FAA33E /* Configurations */,
				DE877C061AFE3D4500FAA33E /* Targets */,
			);
			name = Base;
			path = ../Carthage/Checkouts/xcconfigs/Base;
			sourceTree = "<group>";
		};
		DE877C011AFE3D4500FAA33E /* Configurations */ = {
			isa = PBXGroup;
			children = (
				DE877C021AFE3D4500FAA33E /* Debug.xcconfig */,
				DE877C031AFE3D4500FAA33E /* Profile.xcconfig */,
				DE877C041AFE3D4500FAA33E /* Release.xcconfig */,
				DE877C051AFE3D4500FAA33E /* Test.xcconfig */,
			);
			path = Configurations;
			sourceTree = "<group>";
		};
		DE877C061AFE3D4500FAA33E /* Targets */ = {
			isa = PBXGroup;
			children = (
				DE877C071AFE3D4500FAA33E /* Application.xcconfig */,
				DE877C081AFE3D4500FAA33E /* Framework.xcconfig */,
				DE877C091AFE3D4500FAA33E /* StaticLibrary.xcconfig */,
			);
			path = Targets;
			sourceTree = "<group>";
		};
		DE877C101AFE3D4500FAA33E /* iOS */ = {
			isa = PBXGroup;
			children = (
				DE877C111AFE3D4500FAA33E /* iOS-Application.xcconfig */,
				DE877C121AFE3D4500FAA33E /* iOS-Base.xcconfig */,
				DE877C131AFE3D4500FAA33E /* iOS-Framework.xcconfig */,
				DE877C141AFE3D4500FAA33E /* iOS-StaticLibrary.xcconfig */,
			);
			name = iOS;
			path = ../Carthage/Checkouts/xcconfigs/iOS;
			sourceTree = "<group>";
		};
		DE877C151AFE3D4500FAA33E /* Mac OS X */ = {
			isa = PBXGroup;
			children = (
				DE877C161AFE3D4500FAA33E /* Mac-Application.xcconfig */,
				DE877C171AFE3D4500FAA33E /* Mac-Base.xcconfig */,
				DE877C181AFE3D4500FAA33E /* Mac-DynamicLibrary.xcconfig */,
				DE877C191AFE3D4500FAA33E /* Mac-Framework.xcconfig */,
				DE877C1A1AFE3D4500FAA33E /* Mac-StaticLibrary.xcconfig */,
			);
			name = "Mac OS X";
			path = "../Carthage/Checkouts/xcconfigs/Mac OS X";
			sourceTree = "<group>";
		};
		DEA28F2A1AEEB16E004DCD64 /* Toolbelt_iOS */ = {
			isa = PBXGroup;
			children = (
				DEA28F2B1AEEB16E004DCD64 /* Supporting Files */,
			);
			name = Toolbelt_iOS;
			path = "Toolbelt-iOS";
			sourceTree = "<group>";
		};
		DEA28F2B1AEEB16E004DCD64 /* Supporting Files */ = {
			isa = PBXGroup;
			children = (
				DEA28F2C1AEEB16E004DCD64 /* Info.plist */,
			);
			name = "Supporting Files";
			sourceTree = "<group>";
		};
		DEA28F371AEEB16E004DCD64 /* Toolbelt_iOSTests */ = {
			isa = PBXGroup;
			children = (
				DEA28F3A1AEEB16E004DCD64 /* Toolbelt-iOSTests.swift */,
				DEA28F381AEEB16E004DCD64 /* Supporting Files */,
			);
			name = Toolbelt_iOSTests;
			path = "Toolbelt-iOSTests";
			sourceTree = "<group>";
		};
		DEA28F381AEEB16E004DCD64 /* Supporting Files */ = {
			isa = PBXGroup;
			children = (
				DEA28F391AEEB16E004DCD64 /* Info.plist */,
			);
			name = "Supporting Files";
			sourceTree = "<group>";
		};
		DEA28F481AEEB183004DCD64 /* Toolbelt-Mac */ = {
			isa = PBXGroup;
			children = (
				DEA28F491AEEB183004DCD64 /* Supporting Files */,
			);
			path = "Toolbelt-Mac";
			sourceTree = "<group>";
		};
		DEA28F491AEEB183004DCD64 /* Supporting Files */ = {
			isa = PBXGroup;
			children = (
				DEA28F4A1AEEB183004DCD64 /* Info.plist */,
			);
			name = "Supporting Files";
			sourceTree = "<group>";
		};
		DEA28F551AEEB183004DCD64 /* Toolbelt-MacTests */ = {
			isa = PBXGroup;
			children = (
				DEA28F581AEEB183004DCD64 /* Toolbelt-MacTests.swift */,
				DEA28F561AEEB183004DCD64 /* Supporting Files */,
			);
			path = "Toolbelt-MacTests";
			sourceTree = "<group>";
		};
		DEA28F561AEEB183004DCD64 /* Supporting Files */ = {
			isa = PBXGroup;
			children = (
				DEA28F571AEEB183004DCD64 /* Info.plist */,
			);
			name = "Supporting Files";
			sourceTree = "<group>";
		};
/* End PBXGroup section */

/* Begin PBXHeadersBuildPhase section */
		DE1E73D01BF5597400A2D280 /* Headers */ = {
			isa = PBXHeadersBuildPhase;
			buildActionMask = 2147483647;
			files = (
			);
			runOnlyForDeploymentPostprocessing = 0;
		};
		DE1E73FB1BF55B0900A2D280 /* Headers */ = {
			isa = PBXHeadersBuildPhase;
			buildActionMask = 2147483647;
			files = (
			);
			runOnlyForDeploymentPostprocessing = 0;
		};
		DEA28F261AEEB16E004DCD64 /* Headers */ = {
			isa = PBXHeadersBuildPhase;
			buildActionMask = 2147483647;
			files = (
				DE877BFB1AFE38D500FAA33E /* Toolbelt.h in Headers */,
			);
			runOnlyForDeploymentPostprocessing = 0;
		};
		DEA28F441AEEB183004DCD64 /* Headers */ = {
			isa = PBXHeadersBuildPhase;
			buildActionMask = 2147483647;
			files = (
				DE877BF91AFE388200FAA33E /* Toolbelt.h in Headers */,
			);
			runOnlyForDeploymentPostprocessing = 0;
		};
/* End PBXHeadersBuildPhase section */

/* Begin PBXNativeTarget section */
		DE1E73D21BF5597400A2D280 /* CommonCrypto-iOS */ = {
			isa = PBXNativeTarget;
			buildConfigurationList = DE1E73E01BF5597400A2D280 /* Build configuration list for PBXNativeTarget "CommonCrypto-iOS" */;
			buildPhases = (
				DE1E73CE1BF5597400A2D280 /* Sources */,
				DE1E73CF1BF5597400A2D280 /* Frameworks */,
				DE1E73D01BF5597400A2D280 /* Headers */,
				DE1E73D11BF5597400A2D280 /* Resources */,
			);
			buildRules = (
			);
			dependencies = (
			);
			name = "CommonCrypto-iOS";
			productName = "CommonCrypto-iOS";
			productReference = DE1E73D31BF5597400A2D280 /* CommonCrypto.framework */;
			productType = "com.apple.product-type.framework";
		};
		DE1E73FD1BF55B0900A2D280 /* CommonCrypto-Mac */ = {
			isa = PBXNativeTarget;
			buildConfigurationList = DE1E74031BF55B0900A2D280 /* Build configuration list for PBXNativeTarget "CommonCrypto-Mac" */;
			buildPhases = (
				DE1E73F91BF55B0900A2D280 /* Sources */,
				DE1E73FA1BF55B0900A2D280 /* Frameworks */,
				DE1E73FB1BF55B0900A2D280 /* Headers */,
				DE1E73FC1BF55B0900A2D280 /* Resources */,
			);
			buildRules = (
			);
			dependencies = (
			);
			name = "CommonCrypto-Mac";
			productName = "CommonCrypto-Mac";
			productReference = DE1E73FE1BF55B0900A2D280 /* CommonCrypto.framework */;
			productType = "com.apple.product-type.framework";
		};
		DEA28F281AEEB16E004DCD64 /* Toolbelt-iOS */ = {
			isa = PBXNativeTarget;
			buildConfigurationList = DEA28F3C1AEEB16E004DCD64 /* Build configuration list for PBXNativeTarget "Toolbelt-iOS" */;
			buildPhases = (
				DEA28F241AEEB16E004DCD64 /* Sources */,
				DEA28F251AEEB16E004DCD64 /* Frameworks */,
				DEA28F261AEEB16E004DCD64 /* Headers */,
				DEA28F271AEEB16E004DCD64 /* Resources */,
			);
			buildRules = (
			);
			dependencies = (
				DE1E73F61BF55AC600A2D280 /* PBXTargetDependency */,
			);
			name = "Toolbelt-iOS";
			productName = "Toolbelt-iOS";
			productReference = DEA28F291AEEB16E004DCD64 /* Toolbelt.framework */;
			productType = "com.apple.product-type.framework";
		};
		DEA28F321AEEB16E004DCD64 /* Toolbelt-iOSTests */ = {
			isa = PBXNativeTarget;
			buildConfigurationList = DEA28F3F1AEEB16E004DCD64 /* Build configuration list for PBXNativeTarget "Toolbelt-iOSTests" */;
			buildPhases = (
				DEA28F2F1AEEB16E004DCD64 /* Sources */,
				DEA28F301AEEB16E004DCD64 /* Frameworks */,
				DEA28F311AEEB16E004DCD64 /* Resources */,
			);
			buildRules = (
			);
			dependencies = (
				DEA28F361AEEB16E004DCD64 /* PBXTargetDependency */,
			);
			name = "Toolbelt-iOSTests";
			productName = "Toolbelt-iOSTests";
			productReference = DEA28F331AEEB16E004DCD64 /* Toolbelt-iOSTests.xctest */;
			productType = "com.apple.product-type.bundle.unit-test";
		};
		DEA28F461AEEB183004DCD64 /* Toolbelt-Mac */ = {
			isa = PBXNativeTarget;
			buildConfigurationList = DEA28F5A1AEEB183004DCD64 /* Build configuration list for PBXNativeTarget "Toolbelt-Mac" */;
			buildPhases = (
				DEA28F421AEEB183004DCD64 /* Sources */,
				DEA28F431AEEB183004DCD64 /* Frameworks */,
				DEA28F441AEEB183004DCD64 /* Headers */,
				DEA28F451AEEB183004DCD64 /* Resources */,
			);
			buildRules = (
			);
			dependencies = (
			);
			name = "Toolbelt-Mac";
			productName = "Toolbelt-Mac";
			productReference = DEA28F471AEEB183004DCD64 /* Toolbelt.framework */;
			productType = "com.apple.product-type.framework";
		};
		DEA28F501AEEB183004DCD64 /* Toolbelt-MacTests */ = {
			isa = PBXNativeTarget;
			buildConfigurationList = DEA28F5D1AEEB183004DCD64 /* Build configuration list for PBXNativeTarget "Toolbelt-MacTests" */;
			buildPhases = (
				DEA28F4D1AEEB183004DCD64 /* Sources */,
				DEA28F4E1AEEB183004DCD64 /* Frameworks */,
				DEA28F4F1AEEB183004DCD64 /* Resources */,
			);
			buildRules = (
			);
			dependencies = (
				DEA28F541AEEB183004DCD64 /* PBXTargetDependency */,
			);
			name = "Toolbelt-MacTests";
			productName = "Toolbelt-MacTests";
			productReference = DEA28F511AEEB183004DCD64 /* Toolbelt-MacTests.xctest */;
			productType = "com.apple.product-type.bundle.unit-test";
		};
/* End PBXNativeTarget section */

/* Begin PBXProject section */
		DE35409B1AEE9C5700AC95FE /* Project object */ = {
			isa = PBXProject;
			attributes = {
				LastSwiftUpdateCheck = 0700;
				LastUpgradeCheck = 0700;
				ORGANIZATIONNAME = "Alexander Edge";
				TargetAttributes = {
					DE1E73D21BF5597400A2D280 = {
						CreatedOnToolsVersion = 7.1;
					};
					DE1E73FD1BF55B0900A2D280 = {
						CreatedOnToolsVersion = 7.1;
					};
					DEA28F281AEEB16E004DCD64 = {
						CreatedOnToolsVersion = 6.3.1;
					};
					DEA28F321AEEB16E004DCD64 = {
						CreatedOnToolsVersion = 6.3.1;
					};
					DEA28F461AEEB183004DCD64 = {
						CreatedOnToolsVersion = 6.3.1;
					};
					DEA28F501AEEB183004DCD64 = {
						CreatedOnToolsVersion = 6.3.1;
					};
				};
			};
			buildConfigurationList = DE35409E1AEE9C5700AC95FE /* Build configuration list for PBXProject "Toolbelt" */;
			compatibilityVersion = "Xcode 3.2";
			developmentRegion = English;
			hasScannedForEncodings = 0;
			knownRegions = (
				en,
			);
			mainGroup = DE35409A1AEE9C5700AC95FE;
			productRefGroup = DE3540A51AEE9C5700AC95FE /* Products */;
			projectDirPath = "";
			projectRoot = "";
			targets = (
				DEA28F281AEEB16E004DCD64 /* Toolbelt-iOS */,
				DEA28F321AEEB16E004DCD64 /* Toolbelt-iOSTests */,
				DEA28F461AEEB183004DCD64 /* Toolbelt-Mac */,
				DEA28F501AEEB183004DCD64 /* Toolbelt-MacTests */,
				DE1E73D21BF5597400A2D280 /* CommonCrypto-iOS */,
				DE1E73FD1BF55B0900A2D280 /* CommonCrypto-Mac */,
			);
		};
/* End PBXProject section */

/* Begin PBXResourcesBuildPhase section */
		DE1E73D11BF5597400A2D280 /* Resources */ = {
			isa = PBXResourcesBuildPhase;
			buildActionMask = 2147483647;
			files = (
			);
			runOnlyForDeploymentPostprocessing = 0;
		};
		DE1E73FC1BF55B0900A2D280 /* Resources */ = {
			isa = PBXResourcesBuildPhase;
			buildActionMask = 2147483647;
			files = (
			);
			runOnlyForDeploymentPostprocessing = 0;
		};
		DEA28F271AEEB16E004DCD64 /* Resources */ = {
			isa = PBXResourcesBuildPhase;
			buildActionMask = 2147483647;
			files = (
				DE7F07441AF5406A00B72E7C /* Localizable.strings in Resources */,
			);
			runOnlyForDeploymentPostprocessing = 0;
		};
		DEA28F311AEEB16E004DCD64 /* Resources */ = {
			isa = PBXResourcesBuildPhase;
			buildActionMask = 2147483647;
			files = (
			);
			runOnlyForDeploymentPostprocessing = 0;
		};
		DEA28F451AEEB183004DCD64 /* Resources */ = {
			isa = PBXResourcesBuildPhase;
			buildActionMask = 2147483647;
			files = (
				DE7F07451AF5406A00B72E7C /* Localizable.strings in Resources */,
			);
			runOnlyForDeploymentPostprocessing = 0;
		};
		DEA28F4F1AEEB183004DCD64 /* Resources */ = {
			isa = PBXResourcesBuildPhase;
			buildActionMask = 2147483647;
			files = (
			);
			runOnlyForDeploymentPostprocessing = 0;
		};
/* End PBXResourcesBuildPhase section */

/* Begin PBXSourcesBuildPhase section */
		DE1E73CE1BF5597400A2D280 /* Sources */ = {
			isa = PBXSourcesBuildPhase;
			buildActionMask = 2147483647;
			files = (
			);
			runOnlyForDeploymentPostprocessing = 0;
		};
		DE1E73F91BF55B0900A2D280 /* Sources */ = {
			isa = PBXSourcesBuildPhase;
			buildActionMask = 2147483647;
			files = (
			);
			runOnlyForDeploymentPostprocessing = 0;
		};
		DEA28F241AEEB16E004DCD64 /* Sources */ = {
			isa = PBXSourcesBuildPhase;
			buildActionMask = 2147483647;
			files = (
				DEFB50C71AF513A600DCAD5B /* AVPlayerItem.swift in Sources */,
				DE2F1C831AF509DA0034B4F1 /* Application.swift in Sources */,
				DEA28F651AEEB195004DCD64 /* AVURLAsset.swift in Sources */,
				DEFB50C91AF513E800DCAD5B /* Filepath.swift in Sources */,
				DE2F1C7F1AF508640034B4F1 /* Alert.swift in Sources */,
				DED5D60C1B987C7900C6304F /* UITableView.swift in Sources */,
				DE292C181B8FC3C900ACCA02 /* UIScrollView.swift in Sources */,
				DE2F1C7A1AF505E70034B4F1 /* Geometry.swift in Sources */,
				DE0B598B1B906EC800EF8FD3 /* UIGestureRecogniser.swift in Sources */,
				DE1AC5B21B74C3D600CB6F53 /* Contacts.swift in Sources */,
				DEFB50C41AF512D100DCAD5B /* ViewController.swift in Sources */,
				DE7F07491AF5411900B72E7C /* Security.swift in Sources */,
				DE4184261AF5003600C24ED3 /* Image.swift in Sources */,
				DEB8A8281AF535B4004AE3D6 /* Validation.swift in Sources */,
				DE1AC5A91B74B34D00CB6F53 /* AVCaptureDevice+Authorisation.swift in Sources */,
				DE292C131B8FBDC800ACCA02 /* Foundation.swift in Sources */,
				DE1AC5AD1B74B34D00CB6F53 /* AVCaptureDevice+Hardware.swift in Sources */,
				DEA28F691AEEB19A004DCD64 /* Colour.swift in Sources */,
			);
			runOnlyForDeploymentPostprocessing = 0;
		};
		DEA28F2F1AEEB16E004DCD64 /* Sources */ = {
			isa = PBXSourcesBuildPhase;
			buildActionMask = 2147483647;
			files = (
				DEA28F3B1AEEB16E004DCD64 /* Toolbelt-iOSTests.swift in Sources */,
				DE877BF71AFE352D00FAA33E /* ToolbeltTestsCommon.swift in Sources */,
				DEC1BDC51B99B91A00C13455 /* DateTests.swift in Sources */,
			);
			runOnlyForDeploymentPostprocessing = 0;
		};
		DEA28F421AEEB183004DCD64 /* Sources */ = {
			isa = PBXSourcesBuildPhase;
			buildActionMask = 2147483647;
			files = (
				DEC1BDC81B99BC0C00C13455 /* Foundation.swift in Sources */,
				DEC1BDCB1B99BC0C00C13455 /* Security.swift in Sources */,
				DEC1BDCC1B99BC0C00C13455 /* Colour.swift in Sources */,
				DEC1BDCD1B99BC0C00C13455 /* Image.swift in Sources */,
				DEC1BDCE1B99BC0C00C13455 /* Geometry.swift in Sources */,
				DEC1BDD01B99BC0C00C13455 /* Application.swift in Sources */,
				DEC1BDD21B99BC0C00C13455 /* Filepath.swift in Sources */,
				DEC1BDD31B99BC0C00C13455 /* Validation.swift in Sources */,
				DEC1BDD41B99BC0C00C13455 /* Contacts.swift in Sources */,
				DEC1BDD61B99BC0C00C13455 /* AVCaptureDevice+Hardware.swift in Sources */,
				DEC1BDD71B99BC0C00C13455 /* AVURLAsset.swift in Sources */,
				DEC1BDD81B99BC0C00C13455 /* AVPlayerItem.swift in Sources */,
			);
			runOnlyForDeploymentPostprocessing = 0;
		};
		DEA28F4D1AEEB183004DCD64 /* Sources */ = {
			isa = PBXSourcesBuildPhase;
			buildActionMask = 2147483647;
			files = (
				DEC1BDD91B99C9D800C13455 /* DateTests.swift in Sources */,
				DEA28F591AEEB183004DCD64 /* Toolbelt-MacTests.swift in Sources */,
				DE877BF81AFE352F00FAA33E /* ToolbeltTestsCommon.swift in Sources */,
			);
			runOnlyForDeploymentPostprocessing = 0;
		};
/* End PBXSourcesBuildPhase section */

/* Begin PBXTargetDependency section */
		DE1E73F61BF55AC600A2D280 /* PBXTargetDependency */ = {
			isa = PBXTargetDependency;
			target = DE1E73D21BF5597400A2D280 /* CommonCrypto-iOS */;
			targetProxy = DE1E73F51BF55AC600A2D280 /* PBXContainerItemProxy */;
		};
		DEA28F361AEEB16E004DCD64 /* PBXTargetDependency */ = {
			isa = PBXTargetDependency;
			target = DEA28F281AEEB16E004DCD64 /* Toolbelt-iOS */;
			targetProxy = DEA28F351AEEB16E004DCD64 /* PBXContainerItemProxy */;
		};
		DEA28F541AEEB183004DCD64 /* PBXTargetDependency */ = {
			isa = PBXTargetDependency;
			target = DEA28F461AEEB183004DCD64 /* Toolbelt-Mac */;
			targetProxy = DEA28F531AEEB183004DCD64 /* PBXContainerItemProxy */;
		};
/* End PBXTargetDependency section */

/* Begin PBXVariantGroup section */
		DE7F07471AF5406A00B72E7C /* Localizable.strings */ = {
			isa = PBXVariantGroup;
			children = (
				DE7F07461AF5406A00B72E7C /* en */,
			);
			name = Localizable.strings;
			sourceTree = "<group>";
		};
/* End PBXVariantGroup section */

/* Begin XCBuildConfiguration section */
		DE1E73D81BF5597400A2D280 /* Debug */ = {
			isa = XCBuildConfiguration;
			baseConfigurationReference = DE28EC9A1BF50588008F4DF1 /* CommonCrypto.xcconfig */;
			buildSettings = {
				ALWAYS_SEARCH_USER_PATHS = NO;
				CLANG_CXX_LANGUAGE_STANDARD = "gnu++0x";
				CLANG_CXX_LIBRARY = "libc++";
				CLANG_ENABLE_MODULES = YES;
				CLANG_ENABLE_OBJC_ARC = YES;
				"CODE_SIGN_IDENTITY[sdk=iphoneos*]" = "iPhone Developer";
				DEBUG_INFORMATION_FORMAT = dwarf;
				DEFINES_MODULE = YES;
				DYLIB_COMPATIBILITY_VERSION = 1;
				DYLIB_CURRENT_VERSION = 1;
				DYLIB_INSTALL_NAME_BASE = "@rpath";
				ENABLE_STRICT_OBJC_MSGSEND = YES;
				GCC_C_LANGUAGE_STANDARD = gnu99;
				GCC_DYNAMIC_NO_PIC = NO;
				GCC_OPTIMIZATION_LEVEL = 0;
				GCC_PREPROCESSOR_DEFINITIONS = (
					"DEBUG=1",
					"$(inherited)",
				);
				INFOPLIST_FILE = CommonCrypto/Info.plist;
				INSTALL_PATH = "$(LOCAL_LIBRARY_DIR)/Frameworks";
				IPHONEOS_DEPLOYMENT_TARGET = 9.1;
				LD_RUNPATH_SEARCH_PATHS = "$(inherited) @executable_path/Frameworks @loader_path/Frameworks";
				MTL_ENABLE_DEBUG_INFO = YES;
				PRODUCT_BUNDLE_IDENTIFIER = io.cmpny.CommonCrypto;
				PRODUCT_NAME = CommonCrypto;
				SDKROOT = iphoneos;
				SKIP_INSTALL = YES;
				TARGETED_DEVICE_FAMILY = "1,2";
			};
			name = Debug;
		};
		DE1E73D91BF5597400A2D280 /* Release */ = {
			isa = XCBuildConfiguration;
			baseConfigurationReference = DE28EC9A1BF50588008F4DF1 /* CommonCrypto.xcconfig */;
			buildSettings = {
				ALWAYS_SEARCH_USER_PATHS = NO;
				CLANG_CXX_LANGUAGE_STANDARD = "gnu++0x";
				CLANG_CXX_LIBRARY = "libc++";
				CLANG_ENABLE_MODULES = YES;
				CLANG_ENABLE_OBJC_ARC = YES;
				"CODE_SIGN_IDENTITY[sdk=iphoneos*]" = "iPhone Developer";
				DEFINES_MODULE = YES;
				DYLIB_COMPATIBILITY_VERSION = 1;
				DYLIB_CURRENT_VERSION = 1;
				DYLIB_INSTALL_NAME_BASE = "@rpath";
				ENABLE_NS_ASSERTIONS = NO;
				ENABLE_STRICT_OBJC_MSGSEND = YES;
				GCC_C_LANGUAGE_STANDARD = gnu99;
				INFOPLIST_FILE = CommonCrypto/Info.plist;
				INSTALL_PATH = "$(LOCAL_LIBRARY_DIR)/Frameworks";
				IPHONEOS_DEPLOYMENT_TARGET = 9.1;
				LD_RUNPATH_SEARCH_PATHS = "$(inherited) @executable_path/Frameworks @loader_path/Frameworks";
				MTL_ENABLE_DEBUG_INFO = NO;
				PRODUCT_BUNDLE_IDENTIFIER = io.cmpny.CommonCrypto;
				PRODUCT_NAME = CommonCrypto;
				SDKROOT = iphoneos;
				SKIP_INSTALL = YES;
				TARGETED_DEVICE_FAMILY = "1,2";
				VALIDATE_PRODUCT = YES;
			};
			name = Release;
		};
		DE1E74041BF55B0900A2D280 /* Debug */ = {
			isa = XCBuildConfiguration;
			buildSettings = {
				ALWAYS_SEARCH_USER_PATHS = NO;
				CLANG_CXX_LANGUAGE_STANDARD = "gnu++0x";
				CLANG_CXX_LIBRARY = "libc++";
				CLANG_ENABLE_MODULES = YES;
				CLANG_ENABLE_OBJC_ARC = YES;
				CODE_SIGN_IDENTITY = "-";
				COMBINE_HIDPI_IMAGES = YES;
				DEBUG_INFORMATION_FORMAT = dwarf;
				DEFINES_MODULE = YES;
				DYLIB_COMPATIBILITY_VERSION = 1;
				DYLIB_CURRENT_VERSION = 1;
				DYLIB_INSTALL_NAME_BASE = "@rpath";
				ENABLE_STRICT_OBJC_MSGSEND = YES;
				FRAMEWORK_VERSION = A;
				GCC_C_LANGUAGE_STANDARD = gnu99;
				GCC_DYNAMIC_NO_PIC = NO;
				GCC_OPTIMIZATION_LEVEL = 0;
				GCC_PREPROCESSOR_DEFINITIONS = (
					"DEBUG=1",
					"$(inherited)",
				);
				INFOPLIST_FILE = CommonCrypto/Info.plist;
				INSTALL_PATH = "$(LOCAL_LIBRARY_DIR)/Frameworks";
				LD_RUNPATH_SEARCH_PATHS = "$(inherited) @executable_path/../Frameworks @loader_path/Frameworks";
				MACOSX_DEPLOYMENT_TARGET = 10.11;
				MTL_ENABLE_DEBUG_INFO = YES;
				PRODUCT_BUNDLE_IDENTIFIER = "io.cmpny.CommonCrypto-Mac";
				PRODUCT_NAME = CommonCrypto;
				SDKROOT = macosx;
				SKIP_INSTALL = YES;
			};
			name = Debug;
		};
		DE1E74051BF55B0900A2D280 /* Release */ = {
			isa = XCBuildConfiguration;
			buildSettings = {
				ALWAYS_SEARCH_USER_PATHS = NO;
				CLANG_CXX_LANGUAGE_STANDARD = "gnu++0x";
				CLANG_CXX_LIBRARY = "libc++";
				CLANG_ENABLE_MODULES = YES;
				CLANG_ENABLE_OBJC_ARC = YES;
				CODE_SIGN_IDENTITY = "-";
				COMBINE_HIDPI_IMAGES = YES;
				DEFINES_MODULE = YES;
				DYLIB_COMPATIBILITY_VERSION = 1;
				DYLIB_CURRENT_VERSION = 1;
				DYLIB_INSTALL_NAME_BASE = "@rpath";
				ENABLE_NS_ASSERTIONS = NO;
				ENABLE_STRICT_OBJC_MSGSEND = YES;
				FRAMEWORK_VERSION = A;
				GCC_C_LANGUAGE_STANDARD = gnu99;
				INFOPLIST_FILE = CommonCrypto/Info.plist;
				INSTALL_PATH = "$(LOCAL_LIBRARY_DIR)/Frameworks";
				LD_RUNPATH_SEARCH_PATHS = "$(inherited) @executable_path/../Frameworks @loader_path/Frameworks";
				MACOSX_DEPLOYMENT_TARGET = 10.11;
				MTL_ENABLE_DEBUG_INFO = NO;
				PRODUCT_BUNDLE_IDENTIFIER = "io.cmpny.CommonCrypto-Mac";
				PRODUCT_NAME = CommonCrypto;
				SDKROOT = macosx;
				SKIP_INSTALL = YES;
			};
			name = Release;
		};
		DE3540B81AEE9C5700AC95FE /* Debug */ = {
			isa = XCBuildConfiguration;
			baseConfigurationReference = DE877C021AFE3D4500FAA33E /* Debug.xcconfig */;
			buildSettings = {
				ALWAYS_SEARCH_USER_PATHS = YES;
				CLANG_WARN_BOOL_CONVERSION = YES;
				CLANG_WARN_CONSTANT_CONVERSION = YES;
				CLANG_WARN_DIRECT_OBJC_ISA_USAGE = YES_ERROR;
				CLANG_WARN_EMPTY_BODY = YES;
				CLANG_WARN_ENUM_CONVERSION = YES;
				CLANG_WARN_INT_CONVERSION = YES;
				CLANG_WARN_OBJC_ROOT_CLASS = YES_ERROR;
				CLANG_WARN_UNREACHABLE_CODE = YES;
				CLANG_WARN__DUPLICATE_METHOD_MATCH = YES;
				COPY_PHASE_STRIP = NO;
				CURRENT_PROJECT_VERSION = 1;
				DEBUG_INFORMATION_FORMAT = "dwarf-with-dsym";
				DEFINES_MODULE = YES;
				ENABLE_TESTABILITY = YES;
				GCC_NO_COMMON_BLOCKS = YES;
				GCC_WARN_64_TO_32_BIT_CONVERSION = YES;
				GCC_WARN_ABOUT_RETURN_TYPE = YES_ERROR;
				GCC_WARN_UNDECLARED_SELECTOR = YES;
				GCC_WARN_UNINITIALIZED_AUTOS = YES_AGGRESSIVE;
				GCC_WARN_UNUSED_FUNCTION = YES;
				GCC_WARN_UNUSED_VARIABLE = YES;
				INFOPLIST_FILE = "${TARGET_NAME}/Info.plist";
				IPHONEOS_DEPLOYMENT_TARGET = 8.0;
				MACOSX_DEPLOYMENT_TARGET = 10.10;
				ONLY_ACTIVE_ARCH = YES;
				PRODUCT_NAME = Toolbelt;
				SWIFT_OBJC_INTERFACE_HEADER_NAME = "Toolbelt-Swift.h";
				SWIFT_OPTIMIZATION_LEVEL = "-Onone";
				VERSIONING_SYSTEM = "apple-generic";
				VERSION_INFO_PREFIX = "";
			};
			name = Debug;
		};
		DE3540B91AEE9C5700AC95FE /* Release */ = {
			isa = XCBuildConfiguration;
			baseConfigurationReference = DE877C041AFE3D4500FAA33E /* Release.xcconfig */;
			buildSettings = {
				ALWAYS_SEARCH_USER_PATHS = YES;
				CLANG_WARN_BOOL_CONVERSION = YES;
				CLANG_WARN_CONSTANT_CONVERSION = YES;
				CLANG_WARN_DIRECT_OBJC_ISA_USAGE = YES_ERROR;
				CLANG_WARN_EMPTY_BODY = YES;
				CLANG_WARN_ENUM_CONVERSION = YES;
				CLANG_WARN_INT_CONVERSION = YES;
				CLANG_WARN_OBJC_ROOT_CLASS = YES_ERROR;
				CLANG_WARN_UNREACHABLE_CODE = YES;
				CLANG_WARN__DUPLICATE_METHOD_MATCH = YES;
				COPY_PHASE_STRIP = NO;
				CURRENT_PROJECT_VERSION = 1;
				DEBUG_INFORMATION_FORMAT = "dwarf-with-dsym";
				DEFINES_MODULE = YES;
				ENABLE_TESTABILITY = YES;
				GCC_NO_COMMON_BLOCKS = YES;
				GCC_WARN_64_TO_32_BIT_CONVERSION = YES;
				GCC_WARN_ABOUT_RETURN_TYPE = YES_ERROR;
				GCC_WARN_UNDECLARED_SELECTOR = YES;
				GCC_WARN_UNINITIALIZED_AUTOS = YES_AGGRESSIVE;
				GCC_WARN_UNUSED_FUNCTION = YES;
				GCC_WARN_UNUSED_VARIABLE = YES;
				INFOPLIST_FILE = "${TARGET_NAME}/Info.plist";
				IPHONEOS_DEPLOYMENT_TARGET = 8.0;
				MACOSX_DEPLOYMENT_TARGET = 10.10;
				PRODUCT_NAME = Toolbelt;
				SWIFT_OBJC_INTERFACE_HEADER_NAME = "Toolbelt-Swift.h";
				SWIFT_OPTIMIZATION_LEVEL = "-O";
				VERSIONING_SYSTEM = "apple-generic";
				VERSION_INFO_PREFIX = "";
			};
			name = Release;
		};
		DEA28F3D1AEEB16E004DCD64 /* Debug */ = {
			isa = XCBuildConfiguration;
			baseConfigurationReference = DE877C131AFE3D4500FAA33E /* iOS-Framework.xcconfig */;
			buildSettings = {
				ALWAYS_SEARCH_USER_PATHS = NO;
				CLANG_CXX_LANGUAGE_STANDARD = "gnu++0x";
				CLANG_CXX_LIBRARY = "libc++";
				CLANG_ENABLE_MODULES = YES;
				CLANG_ENABLE_OBJC_ARC = YES;
				CODE_SIGN_IDENTITY = "iPhone Developer";
				DEFINES_MODULE = YES;
				DYLIB_COMPATIBILITY_VERSION = 1;
				DYLIB_CURRENT_VERSION = 1;
				DYLIB_INSTALL_NAME_BASE = "@rpath";
				ENABLE_STRICT_OBJC_MSGSEND = YES;
				GCC_C_LANGUAGE_STANDARD = gnu99;
				GCC_DYNAMIC_NO_PIC = NO;
				GCC_NO_COMMON_BLOCKS = YES;
				GCC_SYMBOLS_PRIVATE_EXTERN = NO;
				INSTALL_PATH = "$(LOCAL_LIBRARY_DIR)/Frameworks";
				LD_RUNPATH_SEARCH_PATHS = "$(inherited) @executable_path/Frameworks @loader_path/Frameworks";
				MTL_ENABLE_DEBUG_INFO = YES;
				ONLY_ACTIVE_ARCH = YES;
				PRODUCT_BUNDLE_IDENTIFIER = "uk.co.alexedge.$(PRODUCT_NAME:rfc1034identifier)";
				SDKROOT = iphoneos;
				SKIP_INSTALL = YES;
				TARGETED_DEVICE_FAMILY = "1,2";
			};
			name = Debug;
		};
		DEA28F3E1AEEB16E004DCD64 /* Release */ = {
			isa = XCBuildConfiguration;
			baseConfigurationReference = DE877C131AFE3D4500FAA33E /* iOS-Framework.xcconfig */;
			buildSettings = {
				ALWAYS_SEARCH_USER_PATHS = NO;
				CLANG_CXX_LANGUAGE_STANDARD = "gnu++0x";
				CLANG_CXX_LIBRARY = "libc++";
				CLANG_ENABLE_MODULES = YES;
				CLANG_ENABLE_OBJC_ARC = YES;
				CODE_SIGN_IDENTITY = "iPhone Developer";
				DEFINES_MODULE = YES;
				DYLIB_COMPATIBILITY_VERSION = 1;
				DYLIB_CURRENT_VERSION = 1;
				DYLIB_INSTALL_NAME_BASE = "@rpath";
				ENABLE_NS_ASSERTIONS = NO;
				ENABLE_STRICT_OBJC_MSGSEND = YES;
				GCC_C_LANGUAGE_STANDARD = gnu99;
				GCC_NO_COMMON_BLOCKS = YES;
				INSTALL_PATH = "$(LOCAL_LIBRARY_DIR)/Frameworks";
				LD_RUNPATH_SEARCH_PATHS = "$(inherited) @executable_path/Frameworks @loader_path/Frameworks";
				MTL_ENABLE_DEBUG_INFO = NO;
				PRODUCT_BUNDLE_IDENTIFIER = "uk.co.alexedge.$(PRODUCT_NAME:rfc1034identifier)";
				SDKROOT = iphoneos;
				SKIP_INSTALL = YES;
				TARGETED_DEVICE_FAMILY = "1,2";
				VALIDATE_PRODUCT = YES;
			};
			name = Release;
		};
		DEA28F401AEEB16E004DCD64 /* Debug */ = {
			isa = XCBuildConfiguration;
			baseConfigurationReference = DE877C111AFE3D4500FAA33E /* iOS-Application.xcconfig */;
			buildSettings = {
				ALWAYS_SEARCH_USER_PATHS = NO;
				CLANG_CXX_LANGUAGE_STANDARD = "gnu++0x";
				CLANG_CXX_LIBRARY = "libc++";
				CLANG_ENABLE_MODULES = YES;
				CLANG_ENABLE_OBJC_ARC = YES;
				"CODE_SIGN_IDENTITY[sdk=iphoneos*]" = "iPhone Developer";
				ENABLE_STRICT_OBJC_MSGSEND = YES;
				FRAMEWORK_SEARCH_PATHS = (
					"$(DEVELOPER_FRAMEWORKS_DIR)",
					"$(inherited)",
				);
				GCC_C_LANGUAGE_STANDARD = gnu99;
				GCC_DYNAMIC_NO_PIC = NO;
				GCC_NO_COMMON_BLOCKS = YES;
				GCC_SYMBOLS_PRIVATE_EXTERN = NO;
				IPHONEOS_DEPLOYMENT_TARGET = 8.3;
				LD_RUNPATH_SEARCH_PATHS = "$(inherited) @executable_path/Frameworks @loader_path/Frameworks";
				MTL_ENABLE_DEBUG_INFO = YES;
				ONLY_ACTIVE_ARCH = YES;
				PRODUCT_BUNDLE_IDENTIFIER = "uk.co.alexedge.$(PRODUCT_NAME:rfc1034identifier)";
				PRODUCT_NAME = "Toolbelt-iOSTests";
				SDKROOT = iphoneos;
			};
			name = Debug;
		};
		DEA28F411AEEB16E004DCD64 /* Release */ = {
			isa = XCBuildConfiguration;
			baseConfigurationReference = DE877C111AFE3D4500FAA33E /* iOS-Application.xcconfig */;
			buildSettings = {
				ALWAYS_SEARCH_USER_PATHS = NO;
				CLANG_CXX_LANGUAGE_STANDARD = "gnu++0x";
				CLANG_CXX_LIBRARY = "libc++";
				CLANG_ENABLE_MODULES = YES;
				CLANG_ENABLE_OBJC_ARC = YES;
				"CODE_SIGN_IDENTITY[sdk=iphoneos*]" = "iPhone Developer";
				ENABLE_NS_ASSERTIONS = NO;
				ENABLE_STRICT_OBJC_MSGSEND = YES;
				FRAMEWORK_SEARCH_PATHS = (
					"$(DEVELOPER_FRAMEWORKS_DIR)",
					"$(inherited)",
				);
				GCC_C_LANGUAGE_STANDARD = gnu99;
				GCC_NO_COMMON_BLOCKS = YES;
				IPHONEOS_DEPLOYMENT_TARGET = 8.3;
				LD_RUNPATH_SEARCH_PATHS = "$(inherited) @executable_path/Frameworks @loader_path/Frameworks";
				MTL_ENABLE_DEBUG_INFO = NO;
				PRODUCT_BUNDLE_IDENTIFIER = "uk.co.alexedge.$(PRODUCT_NAME:rfc1034identifier)";
				PRODUCT_NAME = "Toolbelt-iOSTests";
				SDKROOT = iphoneos;
				VALIDATE_PRODUCT = YES;
			};
			name = Release;
		};
		DEA28F5B1AEEB183004DCD64 /* Debug */ = {
			isa = XCBuildConfiguration;
			baseConfigurationReference = DE877C191AFE3D4500FAA33E /* Mac-Framework.xcconfig */;
			buildSettings = {
				ALWAYS_SEARCH_USER_PATHS = NO;
				CLANG_CXX_LANGUAGE_STANDARD = "gnu++0x";
				CLANG_CXX_LIBRARY = "libc++";
				CLANG_ENABLE_MODULES = YES;
				CLANG_ENABLE_OBJC_ARC = YES;
				COMBINE_HIDPI_IMAGES = YES;
				DEBUG_INFORMATION_FORMAT = dwarf;
				DYLIB_COMPATIBILITY_VERSION = 1;
				DYLIB_CURRENT_VERSION = 1;
				DYLIB_INSTALL_NAME_BASE = "@rpath";
				ENABLE_STRICT_OBJC_MSGSEND = YES;
				FRAMEWORK_VERSION = A;
				GCC_C_LANGUAGE_STANDARD = gnu99;
				GCC_DYNAMIC_NO_PIC = NO;
				GCC_NO_COMMON_BLOCKS = YES;
				GCC_SYMBOLS_PRIVATE_EXTERN = NO;
				INSTALL_PATH = "$(LOCAL_LIBRARY_DIR)/Frameworks";
				LD_RUNPATH_SEARCH_PATHS = "$(inherited) @executable_path/../Frameworks @loader_path/Frameworks";
				MTL_ENABLE_DEBUG_INFO = YES;
				ONLY_ACTIVE_ARCH = YES;
				PRODUCT_BUNDLE_IDENTIFIER = "uk.co.alexedge.$(PRODUCT_NAME:rfc1034identifier)";
				SDKROOT = macosx;
				SKIP_INSTALL = YES;
			};
			name = Debug;
		};
		DEA28F5C1AEEB183004DCD64 /* Release */ = {
			isa = XCBuildConfiguration;
			baseConfigurationReference = DE877C191AFE3D4500FAA33E /* Mac-Framework.xcconfig */;
			buildSettings = {
				ALWAYS_SEARCH_USER_PATHS = NO;
				CLANG_CXX_LANGUAGE_STANDARD = "gnu++0x";
				CLANG_CXX_LIBRARY = "libc++";
				CLANG_ENABLE_MODULES = YES;
				CLANG_ENABLE_OBJC_ARC = YES;
				COMBINE_HIDPI_IMAGES = YES;
				DYLIB_COMPATIBILITY_VERSION = 1;
				DYLIB_CURRENT_VERSION = 1;
				DYLIB_INSTALL_NAME_BASE = "@rpath";
				ENABLE_NS_ASSERTIONS = NO;
				ENABLE_STRICT_OBJC_MSGSEND = YES;
				FRAMEWORK_VERSION = A;
				GCC_C_LANGUAGE_STANDARD = gnu99;
				GCC_NO_COMMON_BLOCKS = YES;
				INSTALL_PATH = "$(LOCAL_LIBRARY_DIR)/Frameworks";
				LD_RUNPATH_SEARCH_PATHS = "$(inherited) @executable_path/../Frameworks @loader_path/Frameworks";
				MTL_ENABLE_DEBUG_INFO = NO;
				PRODUCT_BUNDLE_IDENTIFIER = "uk.co.alexedge.$(PRODUCT_NAME:rfc1034identifier)";
				SDKROOT = macosx;
				SKIP_INSTALL = YES;
			};
			name = Release;
		};
		DEA28F5E1AEEB183004DCD64 /* Debug */ = {
			isa = XCBuildConfiguration;
			baseConfigurationReference = DE877C161AFE3D4500FAA33E /* Mac-Application.xcconfig */;
			buildSettings = {
				ALWAYS_SEARCH_USER_PATHS = NO;
				CLANG_CXX_LANGUAGE_STANDARD = "gnu++0x";
				CLANG_CXX_LIBRARY = "libc++";
				CLANG_ENABLE_MODULES = YES;
				CLANG_ENABLE_OBJC_ARC = YES;
				COMBINE_HIDPI_IMAGES = YES;
				DEBUG_INFORMATION_FORMAT = dwarf;
				ENABLE_STRICT_OBJC_MSGSEND = YES;
				FRAMEWORK_SEARCH_PATHS = (
					"$(DEVELOPER_FRAMEWORKS_DIR)",
					"$(inherited)",
				);
				GCC_C_LANGUAGE_STANDARD = gnu99;
				GCC_DYNAMIC_NO_PIC = NO;
				GCC_NO_COMMON_BLOCKS = YES;
				GCC_SYMBOLS_PRIVATE_EXTERN = NO;
				LD_RUNPATH_SEARCH_PATHS = "$(inherited) @executable_path/../Frameworks @loader_path/../Frameworks";
				MACOSX_DEPLOYMENT_TARGET = 10.10;
				MTL_ENABLE_DEBUG_INFO = YES;
				ONLY_ACTIVE_ARCH = YES;
				PRODUCT_BUNDLE_IDENTIFIER = "uk.co.alexedge.$(PRODUCT_NAME:rfc1034identifier)";
				PRODUCT_NAME = "$(TARGET_NAME)";
				SDKROOT = macosx;
			};
			name = Debug;
		};
		DEA28F5F1AEEB183004DCD64 /* Release */ = {
			isa = XCBuildConfiguration;
			baseConfigurationReference = DE877C161AFE3D4500FAA33E /* Mac-Application.xcconfig */;
			buildSettings = {
				ALWAYS_SEARCH_USER_PATHS = NO;
				CLANG_CXX_LANGUAGE_STANDARD = "gnu++0x";
				CLANG_CXX_LIBRARY = "libc++";
				CLANG_ENABLE_MODULES = YES;
				CLANG_ENABLE_OBJC_ARC = YES;
				COMBINE_HIDPI_IMAGES = YES;
				ENABLE_NS_ASSERTIONS = NO;
				ENABLE_STRICT_OBJC_MSGSEND = YES;
				FRAMEWORK_SEARCH_PATHS = (
					"$(DEVELOPER_FRAMEWORKS_DIR)",
					"$(inherited)",
				);
				GCC_C_LANGUAGE_STANDARD = gnu99;
				GCC_NO_COMMON_BLOCKS = YES;
				LD_RUNPATH_SEARCH_PATHS = "$(inherited) @executable_path/../Frameworks @loader_path/../Frameworks";
				MACOSX_DEPLOYMENT_TARGET = 10.10;
				MTL_ENABLE_DEBUG_INFO = NO;
				PRODUCT_BUNDLE_IDENTIFIER = "uk.co.alexedge.$(PRODUCT_NAME:rfc1034identifier)";
				PRODUCT_NAME = "$(TARGET_NAME)";
				SDKROOT = macosx;
			};
			name = Release;
		};
/* End XCBuildConfiguration section */

/* Begin XCConfigurationList section */
		DE1E73E01BF5597400A2D280 /* Build configuration list for PBXNativeTarget "CommonCrypto-iOS" */ = {
			isa = XCConfigurationList;
			buildConfigurations = (
				DE1E73D81BF5597400A2D280 /* Debug */,
				DE1E73D91BF5597400A2D280 /* Release */,
			);
			defaultConfigurationIsVisible = 0;
		};
		DE1E74031BF55B0900A2D280 /* Build configuration list for PBXNativeTarget "CommonCrypto-Mac" */ = {
			isa = XCConfigurationList;
			buildConfigurations = (
				DE1E74041BF55B0900A2D280 /* Debug */,
				DE1E74051BF55B0900A2D280 /* Release */,
			);
			defaultConfigurationIsVisible = 0;
		};
		DE35409E1AEE9C5700AC95FE /* Build configuration list for PBXProject "Toolbelt" */ = {
			isa = XCConfigurationList;
			buildConfigurations = (
				DE3540B81AEE9C5700AC95FE /* Debug */,
				DE3540B91AEE9C5700AC95FE /* Release */,
			);
			defaultConfigurationIsVisible = 0;
			defaultConfigurationName = Release;
		};
		DEA28F3C1AEEB16E004DCD64 /* Build configuration list for PBXNativeTarget "Toolbelt-iOS" */ = {
			isa = XCConfigurationList;
			buildConfigurations = (
				DEA28F3D1AEEB16E004DCD64 /* Debug */,
				DEA28F3E1AEEB16E004DCD64 /* Release */,
			);
			defaultConfigurationIsVisible = 0;
			defaultConfigurationName = Release;
		};
		DEA28F3F1AEEB16E004DCD64 /* Build configuration list for PBXNativeTarget "Toolbelt-iOSTests" */ = {
			isa = XCConfigurationList;
			buildConfigurations = (
				DEA28F401AEEB16E004DCD64 /* Debug */,
				DEA28F411AEEB16E004DCD64 /* Release */,
			);
			defaultConfigurationIsVisible = 0;
			defaultConfigurationName = Release;
		};
		DEA28F5A1AEEB183004DCD64 /* Build configuration list for PBXNativeTarget "Toolbelt-Mac" */ = {
			isa = XCConfigurationList;
			buildConfigurations = (
				DEA28F5B1AEEB183004DCD64 /* Debug */,
				DEA28F5C1AEEB183004DCD64 /* Release */,
			);
			defaultConfigurationIsVisible = 0;
			defaultConfigurationName = Release;
		};
		DEA28F5D1AEEB183004DCD64 /* Build configuration list for PBXNativeTarget "Toolbelt-MacTests" */ = {
			isa = XCConfigurationList;
			buildConfigurations = (
				DEA28F5E1AEEB183004DCD64 /* Debug */,
				DEA28F5F1AEEB183004DCD64 /* Release */,
			);
			defaultConfigurationIsVisible = 0;
			defaultConfigurationName = Release;
		};
/* End XCConfigurationList section */
	};
	rootObject = DE35409B1AEE9C5700AC95FE /* Project object */;
}
