// !$*UTF8*$!
{
	archiveVersion = 1;
	classes = {
	};
	objectVersion = 46;
	objects = {

/* Begin PBXBuildFile section */
		DE3540AA1AEE9C5700AC95FE /* Toolbelt.h in Headers */ = {isa = PBXBuildFile; fileRef = DE3540A91AEE9C5700AC95FE /* Toolbelt.h */; settings = {ATTRIBUTES = (Public, ); }; };
		DE3540B01AEE9C5700AC95FE /* Toolbelt.framework in Frameworks */ = {isa = PBXBuildFile; fileRef = DE3540A41AEE9C5700AC95FE /* Toolbelt.framework */; };
		DE3540B71AEE9C5700AC95FE /* ToolbeltTests.swift in Sources */ = {isa = PBXBuildFile; fileRef = DE3540B61AEE9C5700AC95FE /* ToolbeltTests.swift */; };
		DE3540C11AEE9CD800AC95FE /* AVURLAsset+PosterImage.swift in Sources */ = {isa = PBXBuildFile; fileRef = DE3540C01AEE9CD800AC95FE /* AVURLAsset+PosterImage.swift */; };
		DE3540C21AEE9CD800AC95FE /* AVURLAsset+PosterImage.swift in Sources */ = {isa = PBXBuildFile; fileRef = DE3540C01AEE9CD800AC95FE /* AVURLAsset+PosterImage.swift */; };
		DE3540C51AEE9DA300AC95FE /* Colours.swift in Sources */ = {isa = PBXBuildFile; fileRef = DE3540C41AEE9DA300AC95FE /* Colours.swift */; };
		DE3540C61AEE9DA300AC95FE /* Colours.swift in Sources */ = {isa = PBXBuildFile; fileRef = DE3540C41AEE9DA300AC95FE /* Colours.swift */; };
		DE3540C81AEE9E6F00AC95FE /* Aliases.swift in Sources */ = {isa = PBXBuildFile; fileRef = DE3540C71AEE9E6F00AC95FE /* Aliases.swift */; };
		DE3540C91AEE9E6F00AC95FE /* Aliases.swift in Sources */ = {isa = PBXBuildFile; fileRef = DE3540C71AEE9E6F00AC95FE /* Aliases.swift */; };
/* End PBXBuildFile section */

/* Begin PBXContainerItemProxy section */
		DE3540B11AEE9C5700AC95FE /* PBXContainerItemProxy */ = {
			isa = PBXContainerItemProxy;
			containerPortal = DE35409B1AEE9C5700AC95FE /* Project object */;
			proxyType = 1;
			remoteGlobalIDString = DE3540A31AEE9C5700AC95FE;
			remoteInfo = Toolbelt;
		};
/* End PBXContainerItemProxy section */

/* Begin PBXFileReference section */
		DE3540A41AEE9C5700AC95FE /* Toolbelt.framework */ = {isa = PBXFileReference; explicitFileType = wrapper.framework; includeInIndex = 0; path = Toolbelt.framework; sourceTree = BUILT_PRODUCTS_DIR; };
		DE3540A81AEE9C5700AC95FE /* Info.plist */ = {isa = PBXFileReference; lastKnownFileType = text.plist.xml; path = Info.plist; sourceTree = "<group>"; };
		DE3540A91AEE9C5700AC95FE /* Toolbelt.h */ = {isa = PBXFileReference; lastKnownFileType = sourcecode.c.h; path = Toolbelt.h; sourceTree = "<group>"; };
		DE3540AF1AEE9C5700AC95FE /* ToolbeltTests.xctest */ = {isa = PBXFileReference; explicitFileType = wrapper.cfbundle; includeInIndex = 0; path = ToolbeltTests.xctest; sourceTree = BUILT_PRODUCTS_DIR; };
		DE3540B51AEE9C5700AC95FE /* Info.plist */ = {isa = PBXFileReference; lastKnownFileType = text.plist.xml; path = Info.plist; sourceTree = "<group>"; };
		DE3540B61AEE9C5700AC95FE /* ToolbeltTests.swift */ = {isa = PBXFileReference; lastKnownFileType = sourcecode.swift; path = ToolbeltTests.swift; sourceTree = "<group>"; };
		DE3540C01AEE9CD800AC95FE /* AVURLAsset+PosterImage.swift */ = {isa = PBXFileReference; fileEncoding = 4; lastKnownFileType = sourcecode.swift; path = "AVURLAsset+PosterImage.swift"; sourceTree = "<group>"; };
		DE3540C41AEE9DA300AC95FE /* Colours.swift */ = {isa = PBXFileReference; fileEncoding = 4; lastKnownFileType = sourcecode.swift; path = Colours.swift; sourceTree = "<group>"; };
		DE3540C71AEE9E6F00AC95FE /* Aliases.swift */ = {isa = PBXFileReference; fileEncoding = 4; lastKnownFileType = sourcecode.swift; path = Aliases.swift; sourceTree = "<group>"; };
		DE3540CA1AEE9EA100AC95FE /* LICENSE */ = {isa = PBXFileReference; lastKnownFileType = text; name = LICENSE; path = ../LICENSE; sourceTree = "<group>"; };
		DE3540CB1AEE9EA100AC95FE /* README.md */ = {isa = PBXFileReference; lastKnownFileType = net.daringfireball.markdown; name = README.md; path = ../README.md; sourceTree = "<group>"; };
/* End PBXFileReference section */

/* Begin PBXFrameworksBuildPhase section */
		DE3540A01AEE9C5700AC95FE /* Frameworks */ = {
			isa = PBXFrameworksBuildPhase;
			buildActionMask = 2147483647;
			files = (
			);
			runOnlyForDeploymentPostprocessing = 0;
		};
		DE3540AC1AEE9C5700AC95FE /* Frameworks */ = {
			isa = PBXFrameworksBuildPhase;
			buildActionMask = 2147483647;
			files = (
				DE3540B01AEE9C5700AC95FE /* Toolbelt.framework in Frameworks */,
			);
			runOnlyForDeploymentPostprocessing = 0;
		};
/* End PBXFrameworksBuildPhase section */

/* Begin PBXGroup section */
		DE35409A1AEE9C5700AC95FE = {
			isa = PBXGroup;
			children = (
				DE3540CA1AEE9EA100AC95FE /* LICENSE */,
				DE3540CB1AEE9EA100AC95FE /* README.md */,
				DE3540A61AEE9C5700AC95FE /* Toolbelt */,
				DE3540B31AEE9C5700AC95FE /* ToolbeltTests */,
				DE3540A51AEE9C5700AC95FE /* Products */,
			);
			sourceTree = "<group>";
		};
		DE3540A51AEE9C5700AC95FE /* Products */ = {
			isa = PBXGroup;
			children = (
				DE3540A41AEE9C5700AC95FE /* Toolbelt.framework */,
				DE3540AF1AEE9C5700AC95FE /* ToolbeltTests.xctest */,
			);
			name = Products;
			sourceTree = "<group>";
		};
		DE3540A61AEE9C5700AC95FE /* Toolbelt */ = {
			isa = PBXGroup;
			children = (
				DE3540A91AEE9C5700AC95FE /* Toolbelt.h */,
				DE3540C71AEE9E6F00AC95FE /* Aliases.swift */,
				DE3540C31AEE9CDE00AC95FE /* AVFoundation */,
				DE3540A71AEE9C5700AC95FE /* Supporting Files */,
				DE3540C41AEE9DA300AC95FE /* Colours.swift */,
			);
			path = Toolbelt;
			sourceTree = "<group>";
		};
		DE3540A71AEE9C5700AC95FE /* Supporting Files */ = {
			isa = PBXGroup;
			children = (
				DE3540A81AEE9C5700AC95FE /* Info.plist */,
			);
			name = "Supporting Files";
			sourceTree = "<group>";
		};
		DE3540B31AEE9C5700AC95FE /* ToolbeltTests */ = {
			isa = PBXGroup;
			children = (
				DE3540B61AEE9C5700AC95FE /* ToolbeltTests.swift */,
				DE3540B41AEE9C5700AC95FE /* Supporting Files */,
			);
			path = ToolbeltTests;
			sourceTree = "<group>";
		};
		DE3540B41AEE9C5700AC95FE /* Supporting Files */ = {
			isa = PBXGroup;
			children = (
				DE3540B51AEE9C5700AC95FE /* Info.plist */,
			);
			name = "Supporting Files";
			sourceTree = "<group>";
		};
		DE3540C31AEE9CDE00AC95FE /* AVFoundation */ = {
			isa = PBXGroup;
			children = (
				DE3540C01AEE9CD800AC95FE /* AVURLAsset+PosterImage.swift */,
			);
			name = AVFoundation;
			sourceTree = "<group>";
		};
/* End PBXGroup section */

/* Begin PBXHeadersBuildPhase section */
		DE3540A11AEE9C5700AC95FE /* Headers */ = {
			isa = PBXHeadersBuildPhase;
			buildActionMask = 2147483647;
			files = (
				DE3540AA1AEE9C5700AC95FE /* Toolbelt.h in Headers */,
			);
			runOnlyForDeploymentPostprocessing = 0;
		};
/* End PBXHeadersBuildPhase section */

/* Begin PBXNativeTarget section */
		DE3540A31AEE9C5700AC95FE /* Toolbelt */ = {
			isa = PBXNativeTarget;
			buildConfigurationList = DE3540BA1AEE9C5700AC95FE /* Build configuration list for PBXNativeTarget "Toolbelt" */;
			buildPhases = (
				DE35409F1AEE9C5700AC95FE /* Sources */,
				DE3540A01AEE9C5700AC95FE /* Frameworks */,
				DE3540A11AEE9C5700AC95FE /* Headers */,
				DE3540A21AEE9C5700AC95FE /* Resources */,
			);
			buildRules = (
			);
			dependencies = (
			);
			name = Toolbelt;
			productName = Toolbelt;
			productReference = DE3540A41AEE9C5700AC95FE /* Toolbelt.framework */;
			productType = "com.apple.product-type.framework";
		};
		DE3540AE1AEE9C5700AC95FE /* ToolbeltTests */ = {
			isa = PBXNativeTarget;
			buildConfigurationList = DE3540BD1AEE9C5700AC95FE /* Build configuration list for PBXNativeTarget "ToolbeltTests" */;
			buildPhases = (
				DE3540AB1AEE9C5700AC95FE /* Sources */,
				DE3540AC1AEE9C5700AC95FE /* Frameworks */,
				DE3540AD1AEE9C5700AC95FE /* Resources */,
			);
			buildRules = (
			);
			dependencies = (
				DE3540B21AEE9C5700AC95FE /* PBXTargetDependency */,
			);
			name = ToolbeltTests;
			productName = ToolbeltTests;
			productReference = DE3540AF1AEE9C5700AC95FE /* ToolbeltTests.xctest */;
			productType = "com.apple.product-type.bundle.unit-test";
		};
/* End PBXNativeTarget section */

/* Begin PBXProject section */
		DE35409B1AEE9C5700AC95FE /* Project object */ = {
			isa = PBXProject;
			attributes = {
				LastUpgradeCheck = 0630;
				ORGANIZATIONNAME = "Alexander Edge";
				TargetAttributes = {
					DE3540A31AEE9C5700AC95FE = {
						CreatedOnToolsVersion = 6.3;
					};
					DE3540AE1AEE9C5700AC95FE = {
						CreatedOnToolsVersion = 6.3;
					};
				};
			};
			buildConfigurationList = DE35409E1AEE9C5700AC95FE /* Build configuration list for PBXProject "Toolbelt" */;
			compatibilityVersion = "Xcode 3.2";
			developmentRegion = English;
			hasScannedForEncodings = 0;
			knownRegions = (
				en,
			);
			mainGroup = DE35409A1AEE9C5700AC95FE;
			productRefGroup = DE3540A51AEE9C5700AC95FE /* Products */;
			projectDirPath = "";
			projectRoot = "";
			targets = (
				DE3540A31AEE9C5700AC95FE /* Toolbelt */,
				DE3540AE1AEE9C5700AC95FE /* ToolbeltTests */,
			);
		};
/* End PBXProject section */

/* Begin PBXResourcesBuildPhase section */
		DE3540A21AEE9C5700AC95FE /* Resources */ = {
			isa = PBXResourcesBuildPhase;
			buildActionMask = 2147483647;
			files = (
			);
			runOnlyForDeploymentPostprocessing = 0;
		};
		DE3540AD1AEE9C5700AC95FE /* Resources */ = {
			isa = PBXResourcesBuildPhase;
			buildActionMask = 2147483647;
			files = (
			);
			runOnlyForDeploymentPostprocessing = 0;
		};
/* End PBXResourcesBuildPhase section */

/* Begin PBXSourcesBuildPhase section */
		DE35409F1AEE9C5700AC95FE /* Sources */ = {
			isa = PBXSourcesBuildPhase;
			buildActionMask = 2147483647;
			files = (
				DE3540C11AEE9CD800AC95FE /* AVURLAsset+PosterImage.swift in Sources */,
				DE3540C51AEE9DA300AC95FE /* Colours.swift in Sources */,
				DE3540C81AEE9E6F00AC95FE /* Aliases.swift in Sources */,
			);
			runOnlyForDeploymentPostprocessing = 0;
		};
		DE3540AB1AEE9C5700AC95FE /* Sources */ = {
			isa = PBXSourcesBuildPhase;
			buildActionMask = 2147483647;
			files = (
				DE3540C21AEE9CD800AC95FE /* AVURLAsset+PosterImage.swift in Sources */,
				DE3540C61AEE9DA300AC95FE /* Colours.swift in Sources */,
				DE3540C91AEE9E6F00AC95FE /* Aliases.swift in Sources */,
				DE3540B71AEE9C5700AC95FE /* ToolbeltTests.swift in Sources */,
			);
			runOnlyForDeploymentPostprocessing = 0;
		};
/* End PBXSourcesBuildPhase section */

/* Begin PBXTargetDependency section */
		DE3540B21AEE9C5700AC95FE /* PBXTargetDependency */ = {
			isa = PBXTargetDependency;
			target = DE3540A31AEE9C5700AC95FE /* Toolbelt */;
			targetProxy = DE3540B11AEE9C5700AC95FE /* PBXContainerItemProxy */;
		};
/* End PBXTargetDependency section */

/* Begin XCBuildConfiguration section */
		DE3540B81AEE9C5700AC95FE /* Debug */ = {
			isa = XCBuildConfiguration;
			buildSettings = {
				ALWAYS_SEARCH_USER_PATHS = NO;
				CLANG_CXX_LANGUAGE_STANDARD = "gnu++0x";
				CLANG_CXX_LIBRARY = "libc++";
				CLANG_ENABLE_MODULES = YES;
				CLANG_ENABLE_OBJC_ARC = YES;
				CLANG_WARN_BOOL_CONVERSION = YES;
				CLANG_WARN_CONSTANT_CONVERSION = YES;
				CLANG_WARN_DIRECT_OBJC_ISA_USAGE = YES_ERROR;
				CLANG_WARN_EMPTY_BODY = YES;
				CLANG_WARN_ENUM_CONVERSION = YES;
				CLANG_WARN_INT_CONVERSION = YES;
				CLANG_WARN_OBJC_ROOT_CLASS = YES_ERROR;
				CLANG_WARN_UNREACHABLE_CODE = YES;
				CLANG_WARN__DUPLICATE_METHOD_MATCH = YES;
				"CODE_SIGN_IDENTITY[sdk=iphoneos*]" = "iPhone Developer";
				COPY_PHASE_STRIP = NO;
				CURRENT_PROJECT_VERSION = 1;
				DEBUG_INFORMATION_FORMAT = "dwarf-with-dsym";
				ENABLE_STRICT_OBJC_MSGSEND = YES;
				GCC_C_LANGUAGE_STANDARD = gnu99;
				GCC_DYNAMIC_NO_PIC = NO;
				GCC_NO_COMMON_BLOCKS = YES;
				GCC_OPTIMIZATION_LEVEL = 0;
				GCC_PREPROCESSOR_DEFINITIONS = (
					"DEBUG=1",
					"$(inherited)",
				);
				GCC_SYMBOLS_PRIVATE_EXTERN = NO;
				GCC_WARN_64_TO_32_BIT_CONVERSION = YES;
				GCC_WARN_ABOUT_RETURN_TYPE = YES_ERROR;
				GCC_WARN_UNDECLARED_SELECTOR = YES;
				GCC_WARN_UNINITIALIZED_AUTOS = YES_AGGRESSIVE;
				GCC_WARN_UNUSED_FUNCTION = YES;
				GCC_WARN_UNUSED_VARIABLE = YES;
				IPHONEOS_DEPLOYMENT_TARGET = 8.3;
				MTL_ENABLE_DEBUG_INFO = YES;
				ONLY_ACTIVE_ARCH = YES;
				SDKROOT = iphoneos;
				SWIFT_OPTIMIZATION_LEVEL = "-Onone";
				TARGETED_DEVICE_FAMILY = "1,2";
				VERSIONING_SYSTEM = "apple-generic";
				VERSION_INFO_PREFIX = "";
			};
			name = Debug;
		};
		DE3540B91AEE9C5700AC95FE /* Release */ = {
			isa = XCBuildConfiguration;
			buildSettings = {
				ALWAYS_SEARCH_USER_PATHS = NO;
				CLANG_CXX_LANGUAGE_STANDARD = "gnu++0x";
				CLANG_CXX_LIBRARY = "libc++";
				CLANG_ENABLE_MODULES = YES;
				CLANG_ENABLE_OBJC_ARC = YES;
				CLANG_WARN_BOOL_CONVERSION = YES;
				CLANG_WARN_CONSTANT_CONVERSION = YES;
				CLANG_WARN_DIRECT_OBJC_ISA_USAGE = YES_ERROR;
				CLANG_WARN_EMPTY_BODY = YES;
				CLANG_WARN_ENUM_CONVERSION = YES;
				CLANG_WARN_INT_CONVERSION = YES;
				CLANG_WARN_OBJC_ROOT_CLASS = YES_ERROR;
				CLANG_WARN_UNREACHABLE_CODE = YES;
				CLANG_WARN__DUPLICATE_METHOD_MATCH = YES;
				"CODE_SIGN_IDENTITY[sdk=iphoneos*]" = "iPhone Developer";
				COPY_PHASE_STRIP = NO;
				CURRENT_PROJECT_VERSION = 1;
				DEBUG_INFORMATION_FORMAT = "dwarf-with-dsym";
				ENABLE_NS_ASSERTIONS = NO;
				ENABLE_STRICT_OBJC_MSGSEND = YES;
				GCC_C_LANGUAGE_STANDARD = gnu99;
				GCC_NO_COMMON_BLOCKS = YES;
				GCC_WARN_64_TO_32_BIT_CONVERSION = YES;
				GCC_WARN_ABOUT_RETURN_TYPE = YES_ERROR;
				GCC_WARN_UNDECLARED_SELECTOR = YES;
				GCC_WARN_UNINITIALIZED_AUTOS = YES_AGGRESSIVE;
				GCC_WARN_UNUSED_FUNCTION = YES;
				GCC_WARN_UNUSED_VARIABLE = YES;
				IPHONEOS_DEPLOYMENT_TARGET = 8.3;
				MTL_ENABLE_DEBUG_INFO = NO;
				SDKROOT = iphoneos;
				TARGETED_DEVICE_FAMILY = "1,2";
				VALIDATE_PRODUCT = YES;
				VERSIONING_SYSTEM = "apple-generic";
				VERSION_INFO_PREFIX = "";
			};
			name = Release;
		};
		DE3540BB1AEE9C5700AC95FE /* Debug */ = {
			isa = XCBuildConfiguration;
			buildSettings = {
				CLANG_ENABLE_MODULES = YES;
				DEFINES_MODULE = YES;
				DYLIB_COMPATIBILITY_VERSION = 1;
				DYLIB_CURRENT_VERSION = 1;
				DYLIB_INSTALL_NAME_BASE = "@rpath";
				INFOPLIST_FILE = Toolbelt/Info.plist;
				INSTALL_PATH = "$(LOCAL_LIBRARY_DIR)/Frameworks";
				LD_RUNPATH_SEARCH_PATHS = "$(inherited) @executable_path/Frameworks @loader_path/Frameworks";
				PRODUCT_NAME = "$(TARGET_NAME)";
				SKIP_INSTALL = YES;
				SWIFT_OPTIMIZATION_LEVEL = "-Onone";
			};
			name = Debug;
		};
		DE3540BC1AEE9C5700AC95FE /* Release */ = {
			isa = XCBuildConfiguration;
			buildSettings = {
				CLANG_ENABLE_MODULES = YES;
				DEFINES_MODULE = YES;
				DYLIB_COMPATIBILITY_VERSION = 1;
				DYLIB_CURRENT_VERSION = 1;
				DYLIB_INSTALL_NAME_BASE = "@rpath";
				INFOPLIST_FILE = Toolbelt/Info.plist;
				INSTALL_PATH = "$(LOCAL_LIBRARY_DIR)/Frameworks";
				LD_RUNPATH_SEARCH_PATHS = "$(inherited) @executable_path/Frameworks @loader_path/Frameworks";
				PRODUCT_NAME = "$(TARGET_NAME)";
				SKIP_INSTALL = YES;
			};
			name = Release;
		};
		DE3540BE1AEE9C5700AC95FE /* Debug */ = {
			isa = XCBuildConfiguration;
			buildSettings = {
				FRAMEWORK_SEARCH_PATHS = (
					"$(SDKROOT)/Developer/Library/Frameworks",
					"$(inherited)",
				);
				GCC_PREPROCESSOR_DEFINITIONS = (
					"DEBUG=1",
					"$(inherited)",
				);
				INFOPLIST_FILE = ToolbeltTests/Info.plist;
				LD_RUNPATH_SEARCH_PATHS = "$(inherited) @executable_path/Frameworks @loader_path/Frameworks";
				PRODUCT_NAME = "$(TARGET_NAME)";
			};
			name = Debug;
		};
		DE3540BF1AEE9C5700AC95FE /* Release */ = {
			isa = XCBuildConfiguration;
			buildSettings = {
				FRAMEWORK_SEARCH_PATHS = (
					"$(SDKROOT)/Developer/Library/Frameworks",
					"$(inherited)",
				);
				INFOPLIST_FILE = ToolbeltTests/Info.plist;
				LD_RUNPATH_SEARCH_PATHS = "$(inherited) @executable_path/Frameworks @loader_path/Frameworks";
				PRODUCT_NAME = "$(TARGET_NAME)";
			};
			name = Release;
		};
/* End XCBuildConfiguration section */

/* Begin XCConfigurationList section */
		DE35409E1AEE9C5700AC95FE /* Build configuration list for PBXProject "Toolbelt" */ = {
			isa = XCConfigurationList;
			buildConfigurations = (
				DE3540B81AEE9C5700AC95FE /* Debug */,
				DE3540B91AEE9C5700AC95FE /* Release */,
			);
			defaultConfigurationIsVisible = 0;
			defaultConfigurationName = Release;
		};
		DE3540BA1AEE9C5700AC95FE /* Build configuration list for PBXNativeTarget "Toolbelt" */ = {
			isa = XCConfigurationList;
			buildConfigurations = (
				DE3540BB1AEE9C5700AC95FE /* Debug */,
				DE3540BC1AEE9C5700AC95FE /* Release */,
			);
			defaultConfigurationIsVisible = 0;
		};
		DE3540BD1AEE9C5700AC95FE /* Build configuration list for PBXNativeTarget "ToolbeltTests" */ = {
			isa = XCConfigurationList;
			buildConfigurations = (
				DE3540BE1AEE9C5700AC95FE /* Debug */,
				DE3540BF1AEE9C5700AC95FE /* Release */,
			);
			defaultConfigurationIsVisible = 0;
		};
/* End XCConfigurationList section */
	};
	rootObject = DE35409B1AEE9C5700AC95FE /* Project object */;
}
